{
  "version": 4,
  "terraform_version": "1.4.6",
  "serial": 45,
  "lineage": "2d5ec2f0-584d-8eec-dafd-434964480ac8",
  "outputs": {},
  "resources": [
    {
      "module": "module.data_factory_module",
      "mode": "managed",
      "type": "azurerm_data_factory",
      "name": "data_factory",
      "provider": "provider[\"registry.terraform.io/hashicorp/azurerm\"]",
      "instances": [
        {
          "index_key": "data_factory",
          "schema_version": 2,
          "attributes": {
            "customer_managed_key_id": "",
            "customer_managed_key_identity_id": "",
            "github_configuration": [],
            "global_parameter": [],
            "id": "/subscriptions/477ae1a7-e2c0-48e6-bff4-9f4ac89e8065/resourceGroups/rg-lens-wake-tech/providers/Microsoft.DataFactory/factories/lensdatafactory",
            "identity": [],
            "location": "eastus",
            "managed_virtual_network_enabled": false,
            "name": "lensdatafactory",
            "public_network_enabled": true,
            "purview_id": null,
            "resource_group_name": "rg-lens-wake-tech",
            "tags": {},
            "timeouts": null,
            "vsts_configuration": []
          },
          "sensitive_attributes": [],
          "private": "eyJlMmJmYjczMC1lY2FhLTExZTYtOGY4OC0zNDM2M2JjN2M0YzAiOnsiY3JlYXRlIjoxODAwMDAwMDAwMDAwLCJkZWxldGUiOjE4MDAwMDAwMDAwMDAsInJlYWQiOjMwMDAwMDAwMDAwMCwidXBkYXRlIjoxODAwMDAwMDAwMDAwfSwic2NoZW1hX3ZlcnNpb24iOiIyIn0=",
          "dependencies": [
            "module.rg_module.azurerm_resource_group.resource_group"
          ]
        }
      ]
    },
    {
      "module": "module.db_module",
      "mode": "managed",
      "type": "azurerm_databricks_workspace",
      "name": "databricks_workspace",
      "provider": "provider[\"registry.terraform.io/hashicorp/azurerm\"]",
      "instances": [
        {
          "index_key": "db01",
          "schema_version": 0,
          "attributes": {
            "custom_parameters": [
              {
                "machine_learning_workspace_id": "",
                "nat_gateway_name": "nat-gateway",
                "no_public_ip": false,
                "private_subnet_name": "",
                "private_subnet_network_security_group_association_id": "",
                "public_ip_name": "nat-gw-public-ip",
                "public_subnet_name": "",
                "public_subnet_network_security_group_association_id": "",
                "storage_account_name": "dbstorage5r2pizec47c4k",
                "storage_account_sku_name": "Standard_GRS",
                "virtual_network_id": "",
                "vnet_address_prefix": "10.139"
              }
            ],
            "customer_managed_key_enabled": false,
            "disk_encryption_set_id": null,
            "id": "/subscriptions/477ae1a7-e2c0-48e6-bff4-9f4ac89e8065/resourceGroups/rg-lens-wake-tech/providers/Microsoft.Databricks/workspaces/lens_databricks",
            "infrastructure_encryption_enabled": false,
            "load_balancer_backend_address_pool_id": "",
            "location": "eastus",
            "managed_disk_cmk_key_vault_key_id": null,
            "managed_disk_cmk_rotation_to_latest_version_enabled": null,
            "managed_disk_identity": [],
            "managed_resource_group_id": "/subscriptions/477ae1a7-e2c0-48e6-bff4-9f4ac89e8065/resourceGroups/lens_managed_rg",
            "managed_resource_group_name": "lens_managed_rg",
            "managed_services_cmk_key_vault_key_id": null,
            "name": "lens_databricks",
            "network_security_group_rules_required": null,
            "public_network_access_enabled": true,
            "resource_group_name": "rg-lens-wake-tech",
            "sku": "trial",
            "storage_account_identity": [],
            "tags": {},
            "timeouts": null,
            "workspace_id": "3986139606091068",
            "workspace_url": "adb-3986139606091068.8.azuredatabricks.net"
          },
          "sensitive_attributes": [],
          "private": "eyJlMmJmYjczMC1lY2FhLTExZTYtOGY4OC0zNDM2M2JjN2M0YzAiOnsiY3JlYXRlIjoxODAwMDAwMDAwMDAwLCJkZWxldGUiOjE4MDAwMDAwMDAwMDAsInJlYWQiOjMwMDAwMDAwMDAwMCwidXBkYXRlIjoxODAwMDAwMDAwMDAwfX0=",
          "dependencies": [
            "module.rg_module.azurerm_resource_group.resource_group"
          ]
        }
      ]
    },
    {
      "module": "module.filesystem_gen2_module",
      "mode": "data",
      "type": "azurerm_storage_account",
      "name": "storage_account_gen2",
      "provider": "provider[\"registry.terraform.io/hashicorp/azurerm\"]",
      "instances": [
        {
          "index_key": "filesystem_gen2",
          "schema_version": 0,
          "attributes": {
            "access_tier": "Hot",
            "account_kind": "StorageV2",
            "account_replication_type": "LRS",
            "account_tier": "Standard",
            "allow_nested_items_to_be_public": true,
            "azure_files_authentication": [],
            "custom_domain": null,
            "enable_https_traffic_only": true,
            "id": "/subscriptions/477ae1a7-e2c0-48e6-bff4-9f4ac89e8065/resourceGroups/rg-lens-wake-tech/providers/Microsoft.Storage/storageAccounts/storagelensgen2",
            "identity": [],
            "infrastructure_encryption_enabled": false,
            "is_hns_enabled": true,
            "location": "eastus",
            "min_tls_version": "TLS1_2",
            "name": "storagelensgen2",
            "nfsv3_enabled": false,
            "primary_access_key": "4lqK4JhHIlNvCL3Eim8Ld9pnI65wbnOpIF777wGLKVa15kRj374WiWXk10tK5fnHo6qfJQZLNgAr+AStA1v/dw==",
            "primary_blob_connection_string": "DefaultEndpointsProtocol=https;BlobEndpoint=https://storagelensgen2.blob.core.windows.net/;AccountName=storagelensgen2;AccountKey=4lqK4JhHIlNvCL3Eim8Ld9pnI65wbnOpIF777wGLKVa15kRj374WiWXk10tK5fnHo6qfJQZLNgAr+AStA1v/dw==",
            "primary_blob_endpoint": "https://storagelensgen2.blob.core.windows.net/",
            "primary_blob_host": "storagelensgen2.blob.core.windows.net",
            "primary_connection_string": "DefaultEndpointsProtocol=https;AccountName=storagelensgen2;AccountKey=4lqK4JhHIlNvCL3Eim8Ld9pnI65wbnOpIF777wGLKVa15kRj374WiWXk10tK5fnHo6qfJQZLNgAr+AStA1v/dw==;EndpointSuffix=core.windows.net",
            "primary_dfs_endpoint": "https://storagelensgen2.dfs.core.windows.net/",
            "primary_dfs_host": "storagelensgen2.dfs.core.windows.net",
            "primary_file_endpoint": "https://storagelensgen2.file.core.windows.net/",
            "primary_file_host": "storagelensgen2.file.core.windows.net",
            "primary_location": "eastus",
            "primary_queue_endpoint": "https://storagelensgen2.queue.core.windows.net/",
            "primary_queue_host": "storagelensgen2.queue.core.windows.net",
            "primary_table_endpoint": "https://storagelensgen2.table.core.windows.net/",
            "primary_table_host": "storagelensgen2.table.core.windows.net",
            "primary_web_endpoint": "https://storagelensgen2.z13.web.core.windows.net/",
            "primary_web_host": "storagelensgen2.z13.web.core.windows.net",
            "queue_encryption_key_type": "Service",
            "resource_group_name": "rg-lens-wake-tech",
            "secondary_access_key": "MgjP4gC+vEgW+CkPXzm4bGGCkF2as1Q3Htm1cXu8e+maAdhhPAT7AiFSMw3duNGqGgYAnWE3oh2p+AStD5Q5Pg==",
            "secondary_blob_connection_string": "",
            "secondary_blob_endpoint": null,
            "secondary_blob_host": null,
            "secondary_connection_string": "DefaultEndpointsProtocol=https;AccountName=storagelensgen2;AccountKey=MgjP4gC+vEgW+CkPXzm4bGGCkF2as1Q3Htm1cXu8e+maAdhhPAT7AiFSMw3duNGqGgYAnWE3oh2p+AStD5Q5Pg==;EndpointSuffix=core.windows.net",
            "secondary_dfs_endpoint": null,
            "secondary_dfs_host": null,
            "secondary_file_endpoint": null,
            "secondary_file_host": null,
            "secondary_location": "",
            "secondary_queue_endpoint": null,
            "secondary_queue_host": null,
            "secondary_table_endpoint": null,
            "secondary_table_host": null,
            "secondary_web_endpoint": null,
            "secondary_web_host": null,
            "table_encryption_key_type": "Service",
            "tags": {},
            "timeouts": null
          },
          "sensitive_attributes": []
        }
      ]
    },
    {
      "module": "module.filesystem_gen2_module",
      "mode": "managed",
      "type": "azurerm_storage_data_lake_gen2_filesystem",
      "name": "data_lake_gen2_filesystem",
      "provider": "provider[\"registry.terraform.io/hashicorp/azurerm\"]",
      "instances": [
        {
          "index_key": "filesystem_gen2",
          "schema_version": 0,
          "attributes": {
            "ace": [
              {
                "id": "",
                "permissions": "---",
                "scope": "access",
                "type": "other"
              },
              {
                "id": "",
                "permissions": "r-x",
                "scope": "access",
                "type": "group"
              },
              {
                "id": "",
                "permissions": "rwx",
                "scope": "access",
                "type": "user"
              }
            ],
            "group": "8bba057a-a955-4912-a1e3-7bdcee305302",
            "id": "https://storagelensgen2.dfs.core.windows.net/filesystemgen2",
            "name": "filesystemgen2",
            "owner": "8bba057a-a955-4912-a1e3-7bdcee305302",
            "properties": {},
            "storage_account_id": "/subscriptions/477ae1a7-e2c0-48e6-bff4-9f4ac89e8065/resourceGroups/rg-lens-wake-tech/providers/Microsoft.Storage/storageAccounts/storagelensgen2",
            "timeouts": null
          },
          "sensitive_attributes": [],
          "private": "eyJlMmJmYjczMC1lY2FhLTExZTYtOGY4OC0zNDM2M2JjN2M0YzAiOnsiY3JlYXRlIjoxODAwMDAwMDAwMDAwLCJkZWxldGUiOjE4MDAwMDAwMDAwMDAsInJlYWQiOjMwMDAwMDAwMDAwMCwidXBkYXRlIjoxODAwMDAwMDAwMDAwfX0=",
          "dependencies": [
            "module.filesystem_gen2_module.data.azurerm_storage_account.storage_account_gen2",
            "module.rg_module.azurerm_resource_group.resource_group",
            "module.sttg_gen2_module.azurerm_storage_account.storage_account_gen2"
          ]
        }
      ]
    },
    {
      "module": "module.kv_module",
      "mode": "managed",
      "type": "azurerm_key_vault",
      "name": "key_vault",
      "provider": "provider[\"registry.terraform.io/hashicorp/azurerm\"]",
      "instances": [
        {
          "index_key": "kv01",
          "schema_version": 2,
          "attributes": {
            "access_policy": [
              {
                "application_id": "",
                "certificate_permissions": [],
                "key_permissions": [
                  "Get"
                ],
                "object_id": "a393b665-1997-4ecc-baf8-49cedf7ef669",
                "secret_permissions": [
                  "Get"
                ],
                "storage_permissions": [
                  "Get"
                ],
                "tenant_id": "6c637512-c417-4e78-9d62-b61258e4b619"
              }
            ],
            "contact": [],
            "enable_rbac_authorization": false,
            "enabled_for_deployment": false,
            "enabled_for_disk_encryption": false,
            "enabled_for_template_deployment": false,
            "id": "/subscriptions/477ae1a7-e2c0-48e6-bff4-9f4ac89e8065/resourceGroups/rg-lens-wake-tech/providers/Microsoft.KeyVault/vaults/lensvault",
            "location": "eastus",
            "name": "lensvault",
            "network_acls": [
              {
                "bypass": "AzureServices",
                "default_action": "Allow",
                "ip_rules": [],
                "virtual_network_subnet_ids": []
              }
            ],
            "public_network_access_enabled": true,
            "purge_protection_enabled": false,
            "resource_group_name": "rg-lens-wake-tech",
            "sku_name": "standard",
            "soft_delete_retention_days": 90,
            "tags": {},
            "tenant_id": "6c637512-c417-4e78-9d62-b61258e4b619",
            "timeouts": null,
            "vault_uri": "https://lensvault.vault.azure.net/"
          },
          "sensitive_attributes": [],
          "private": "eyJlMmJmYjczMC1lY2FhLTExZTYtOGY4OC0zNDM2M2JjN2M0YzAiOnsiY3JlYXRlIjoxODAwMDAwMDAwMDAwLCJkZWxldGUiOjE4MDAwMDAwMDAwMDAsInJlYWQiOjMwMDAwMDAwMDAwMCwidXBkYXRlIjoxODAwMDAwMDAwMDAwfSwic2NoZW1hX3ZlcnNpb24iOiIyIn0=",
          "dependencies": [
            "module.rg_module.azurerm_resource_group.resource_group"
          ]
        }
      ]
    },
    {
      "module": "module.linked_service_module",
      "mode": "data",
      "type": "azurerm_data_factory",
      "name": "data_factory",
      "provider": "provider[\"registry.terraform.io/hashicorp/azurerm\"]",
      "instances": [
        {
          "index_key": "linked_service",
          "schema_version": 0,
          "attributes": {
            "github_configuration": [],
            "id": "/subscriptions/477ae1a7-e2c0-48e6-bff4-9f4ac89e8065/resourceGroups/rg-lens-wake-tech/providers/Microsoft.DataFactory/factories/lensdatafactory",
            "identity": [],
            "location": "eastus",
            "name": "lensdatafactory",
            "resource_group_name": "rg-lens-wake-tech",
            "tags": {},
            "timeouts": null,
            "vsts_configuration": []
          },
          "sensitive_attributes": []
        }
      ]
    },
    {
      "module": "module.linked_service_module",
      "mode": "managed",
      "type": "azurerm_data_factory_linked_service_azure_blob_storage",
      "name": "linked_service",
      "provider": "provider[\"registry.terraform.io/hashicorp/azurerm\"]",
      "instances": [
        {
          "index_key": "linked_service",
          "schema_version": 0,
          "attributes": {
            "additional_properties": null,
            "annotations": null,
            "connection_string": "DefaultEndpointsProtocol=https;AccountName=lenstorage001;AccountKey=KLvAWEm8oTz3OKOZDwBDLk3UyvNXDvHij7Wy/t0fiy4qSuo+wcwLmiwNm1saMzn+PZiSLvQ8iDL2+ASt3Xq4ww==;EndpointSuffix=core.windows.net",
            "connection_string_insecure": null,
            "data_factory_id": "/subscriptions/477ae1a7-e2c0-48e6-bff4-9f4ac89e8065/resourceGroups/rg-lens-wake-tech/providers/Microsoft.DataFactory/factories/lensdatafactory",
            "description": "",
            "id": "/subscriptions/477ae1a7-e2c0-48e6-bff4-9f4ac89e8065/resourceGroups/rg-lens-wake-tech/providers/Microsoft.DataFactory/factories/lensdatafactory/linkedservices/linkedservice",
            "integration_runtime_name": null,
            "key_vault_sas_token": [],
            "name": "linkedservice",
            "parameters": null,
            "sas_uri": null,
            "service_endpoint": null,
            "service_principal_id": "",
            "service_principal_key": null,
            "service_principal_linked_key_vault_key": [],
            "storage_kind": "",
            "tenant_id": "",
            "timeouts": null,
            "use_managed_identity": false
          },
          "sensitive_attributes": [],
          "private": "eyJlMmJmYjczMC1lY2FhLTExZTYtOGY4OC0zNDM2M2JjN2M0YzAiOnsiY3JlYXRlIjoxODAwMDAwMDAwMDAwLCJkZWxldGUiOjE4MDAwMDAwMDAwMDAsInJlYWQiOjMwMDAwMDAwMDAwMCwidXBkYXRlIjoxODAwMDAwMDAwMDAwfX0=",
          "dependencies": [
            "module.data_factory_module.azurerm_data_factory.data_factory",
            "module.linked_service_module.data.azurerm_data_factory.data_factory",
            "module.rg_module.azurerm_resource_group.resource_group"
          ]
        }
      ]
    },
    {
      "module": "module.rg_module",
      "mode": "managed",
      "type": "azurerm_resource_group",
      "name": "resource_group",
      "provider": "provider[\"registry.terraform.io/hashicorp/azurerm\"]",
      "instances": [
        {
          "index_key": "rg01",
          "schema_version": 0,
          "attributes": {
            "id": "/subscriptions/477ae1a7-e2c0-48e6-bff4-9f4ac89e8065/resourceGroups/rg-lens-wake-tech",
            "location": "eastus",
            "managed_by": "",
            "name": "rg-lens-wake-tech",
            "tags": {},
            "timeouts": null
          },
          "sensitive_attributes": [],
          "private": "eyJlMmJmYjczMC1lY2FhLTExZTYtOGY4OC0zNDM2M2JjN2M0YzAiOnsiY3JlYXRlIjo1NDAwMDAwMDAwMDAwLCJkZWxldGUiOjU0MDAwMDAwMDAwMDAsInJlYWQiOjMwMDAwMDAwMDAwMCwidXBkYXRlIjo1NDAwMDAwMDAwMDAwfX0="
        }
      ]
    },
    {
      "module": "module.st_module",
      "mode": "managed",
      "type": "azurerm_storage_account",
      "name": "example",
      "provider": "provider[\"registry.terraform.io/hashicorp/azurerm\"]",
      "instances": [
        {
          "index_key": "st01",
          "schema_version": 3,
          "attributes": {
            "access_tier": "Hot",
            "account_kind": "StorageV2",
            "account_replication_type": "GRS",
            "account_tier": "Standard",
            "allow_nested_items_to_be_public": true,
            "allowed_copy_scope": "",
            "azure_files_authentication": [],
            "blob_properties": [
              {
                "change_feed_enabled": false,
                "change_feed_retention_in_days": 0,
                "container_delete_retention_policy": [],
                "cors_rule": [],
                "default_service_version": "",
                "delete_retention_policy": [],
                "last_access_time_enabled": false,
                "restore_policy": [],
                "versioning_enabled": false
              }
            ],
            "cross_tenant_replication_enabled": true,
            "custom_domain": [],
            "customer_managed_key": [],
            "default_to_oauth_authentication": false,
            "edge_zone": "",
            "enable_https_traffic_only": true,
            "id": "/subscriptions/477ae1a7-e2c0-48e6-bff4-9f4ac89e8065/resourceGroups/rg-lens-wake-tech/providers/Microsoft.Storage/storageAccounts/lenstorage001",
            "identity": [],
            "immutability_policy": [],
            "infrastructure_encryption_enabled": false,
            "is_hns_enabled": false,
            "large_file_share_enabled": null,
            "location": "eastus",
            "min_tls_version": "TLS1_2",
            "name": "lenstorage001",
            "network_rules": [
              {
                "bypass": [
                  "AzureServices"
                ],
                "default_action": "Allow",
                "ip_rules": [],
                "private_link_access": [],
                "virtual_network_subnet_ids": []
              }
            ],
            "nfsv3_enabled": false,
            "primary_access_key": "KLvAWEm8oTz3OKOZDwBDLk3UyvNXDvHij7Wy/t0fiy4qSuo+wcwLmiwNm1saMzn+PZiSLvQ8iDL2+ASt3Xq4ww==",
            "primary_blob_connection_string": "DefaultEndpointsProtocol=https;BlobEndpoint=https://lenstorage001.blob.core.windows.net/;AccountName=lenstorage001;AccountKey=KLvAWEm8oTz3OKOZDwBDLk3UyvNXDvHij7Wy/t0fiy4qSuo+wcwLmiwNm1saMzn+PZiSLvQ8iDL2+ASt3Xq4ww==",
            "primary_blob_endpoint": "https://lenstorage001.blob.core.windows.net/",
            "primary_blob_host": "lenstorage001.blob.core.windows.net",
            "primary_connection_string": "DefaultEndpointsProtocol=https;AccountName=lenstorage001;AccountKey=KLvAWEm8oTz3OKOZDwBDLk3UyvNXDvHij7Wy/t0fiy4qSuo+wcwLmiwNm1saMzn+PZiSLvQ8iDL2+ASt3Xq4ww==;EndpointSuffix=core.windows.net",
            "primary_dfs_endpoint": "https://lenstorage001.dfs.core.windows.net/",
            "primary_dfs_host": "lenstorage001.dfs.core.windows.net",
            "primary_file_endpoint": "https://lenstorage001.file.core.windows.net/",
            "primary_file_host": "lenstorage001.file.core.windows.net",
            "primary_location": "eastus",
            "primary_queue_endpoint": "https://lenstorage001.queue.core.windows.net/",
            "primary_queue_host": "lenstorage001.queue.core.windows.net",
            "primary_table_endpoint": "https://lenstorage001.table.core.windows.net/",
            "primary_table_host": "lenstorage001.table.core.windows.net",
            "primary_web_endpoint": "https://lenstorage001.z13.web.core.windows.net/",
            "primary_web_host": "lenstorage001.z13.web.core.windows.net",
            "public_network_access_enabled": true,
            "queue_encryption_key_type": "Service",
            "queue_properties": [
              {
                "cors_rule": [],
                "hour_metrics": [
                  {
                    "enabled": true,
                    "include_apis": true,
                    "retention_policy_days": 7,
                    "version": "1.0"
                  }
                ],
                "logging": [
                  {
                    "delete": false,
                    "read": false,
                    "retention_policy_days": 0,
                    "version": "1.0",
                    "write": false
                  }
                ],
                "minute_metrics": [
                  {
                    "enabled": false,
                    "include_apis": false,
                    "retention_policy_days": 0,
                    "version": "1.0"
                  }
                ]
              }
            ],
            "resource_group_name": "rg-lens-wake-tech",
            "routing": [],
            "sas_policy": [],
            "secondary_access_key": "BLFdQubM79rjP/7UR67+Q8xQWYJ53isECU3clxBMN/C8qo8BNnHk3ko3cRdNnllNOmKElaOn+s8c+AStypSHRg==",
            "secondary_blob_connection_string": "",
            "secondary_blob_endpoint": null,
            "secondary_blob_host": null,
            "secondary_connection_string": "DefaultEndpointsProtocol=https;AccountName=lenstorage001;AccountKey=BLFdQubM79rjP/7UR67+Q8xQWYJ53isECU3clxBMN/C8qo8BNnHk3ko3cRdNnllNOmKElaOn+s8c+AStypSHRg==;EndpointSuffix=core.windows.net",
            "secondary_dfs_endpoint": null,
            "secondary_dfs_host": null,
            "secondary_file_endpoint": null,
            "secondary_file_host": null,
            "secondary_location": "westus",
            "secondary_queue_endpoint": null,
            "secondary_queue_host": null,
            "secondary_table_endpoint": null,
            "secondary_table_host": null,
            "secondary_web_endpoint": null,
            "secondary_web_host": null,
            "sftp_enabled": false,
            "share_properties": [
              {
                "cors_rule": [],
                "retention_policy": [
                  {
                    "days": 7
                  }
                ],
                "smb": []
              }
            ],
            "shared_access_key_enabled": true,
            "static_website": [],
            "table_encryption_key_type": "Service",
            "tags": {},
            "timeouts": null
          },
          "sensitive_attributes": [],
          "private": "eyJlMmJmYjczMC1lY2FhLTExZTYtOGY4OC0zNDM2M2JjN2M0YzAiOnsiY3JlYXRlIjozNjAwMDAwMDAwMDAwLCJkZWxldGUiOjM2MDAwMDAwMDAwMDAsInJlYWQiOjMwMDAwMDAwMDAwMCwidXBkYXRlIjozNjAwMDAwMDAwMDAwfSwic2NoZW1hX3ZlcnNpb24iOiIzIn0=",
          "dependencies": [
            "module.rg_module.azurerm_resource_group.resource_group"
          ]
        }
      ]
    },
    {
      "module": "module.sttg_gen2_module",
      "mode": "managed",
      "type": "azurerm_storage_account",
      "name": "storage_account_gen2",
      "provider": "provider[\"registry.terraform.io/hashicorp/azurerm\"]",
      "instances": [
        {
          "index_key": "stg_gen2",
          "schema_version": 3,
          "attributes": {
            "access_tier": "Hot",
            "account_kind": "StorageV2",
            "account_replication_type": "LRS",
            "account_tier": "Standard",
            "allow_nested_items_to_be_public": true,
            "allowed_copy_scope": "",
            "azure_files_authentication": [],
            "blob_properties": [
              {
                "change_feed_enabled": false,
                "change_feed_retention_in_days": 0,
                "container_delete_retention_policy": [],
                "cors_rule": [],
                "default_service_version": "",
                "delete_retention_policy": [],
                "last_access_time_enabled": false,
                "restore_policy": [],
                "versioning_enabled": false
              }
            ],
            "cross_tenant_replication_enabled": true,
            "custom_domain": [],
            "customer_managed_key": [],
            "default_to_oauth_authentication": false,
            "edge_zone": "",
            "enable_https_traffic_only": true,
            "id": "/subscriptions/477ae1a7-e2c0-48e6-bff4-9f4ac89e8065/resourceGroups/rg-lens-wake-tech/providers/Microsoft.Storage/storageAccounts/storagelensgen2",
            "identity": [],
            "immutability_policy": [],
            "infrastructure_encryption_enabled": false,
            "is_hns_enabled": true,
            "large_file_share_enabled": null,
            "location": "eastus",
            "min_tls_version": "TLS1_2",
            "name": "storagelensgen2",
            "network_rules": [
              {
                "bypass": [
                  "AzureServices"
                ],
                "default_action": "Allow",
                "ip_rules": [],
                "private_link_access": [],
                "virtual_network_subnet_ids": []
              }
            ],
            "nfsv3_enabled": false,
            "primary_access_key": "4lqK4JhHIlNvCL3Eim8Ld9pnI65wbnOpIF777wGLKVa15kRj374WiWXk10tK5fnHo6qfJQZLNgAr+AStA1v/dw==",
            "primary_blob_connection_string": "DefaultEndpointsProtocol=https;BlobEndpoint=https://storagelensgen2.blob.core.windows.net/;AccountName=storagelensgen2;AccountKey=4lqK4JhHIlNvCL3Eim8Ld9pnI65wbnOpIF777wGLKVa15kRj374WiWXk10tK5fnHo6qfJQZLNgAr+AStA1v/dw==",
            "primary_blob_endpoint": "https://storagelensgen2.blob.core.windows.net/",
            "primary_blob_host": "storagelensgen2.blob.core.windows.net",
            "primary_connection_string": "DefaultEndpointsProtocol=https;AccountName=storagelensgen2;AccountKey=4lqK4JhHIlNvCL3Eim8Ld9pnI65wbnOpIF777wGLKVa15kRj374WiWXk10tK5fnHo6qfJQZLNgAr+AStA1v/dw==;EndpointSuffix=core.windows.net",
            "primary_dfs_endpoint": "https://storagelensgen2.dfs.core.windows.net/",
            "primary_dfs_host": "storagelensgen2.dfs.core.windows.net",
            "primary_file_endpoint": "https://storagelensgen2.file.core.windows.net/",
            "primary_file_host": "storagelensgen2.file.core.windows.net",
            "primary_location": "eastus",
            "primary_queue_endpoint": "https://storagelensgen2.queue.core.windows.net/",
            "primary_queue_host": "storagelensgen2.queue.core.windows.net",
            "primary_table_endpoint": "https://storagelensgen2.table.core.windows.net/",
            "primary_table_host": "storagelensgen2.table.core.windows.net",
            "primary_web_endpoint": "https://storagelensgen2.z13.web.core.windows.net/",
            "primary_web_host": "storagelensgen2.z13.web.core.windows.net",
            "public_network_access_enabled": true,
            "queue_encryption_key_type": "Service",
            "queue_properties": [
              {
                "cors_rule": [],
                "hour_metrics": [
                  {
                    "enabled": true,
                    "include_apis": true,
                    "retention_policy_days": 7,
                    "version": "1.0"
                  }
                ],
                "logging": [
                  {
                    "delete": false,
                    "read": false,
                    "retention_policy_days": 0,
                    "version": "1.0",
                    "write": false
                  }
                ],
                "minute_metrics": [
                  {
                    "enabled": false,
                    "include_apis": false,
                    "retention_policy_days": 0,
                    "version": "1.0"
                  }
                ]
              }
            ],
            "resource_group_name": "rg-lens-wake-tech",
            "routing": [],
            "sas_policy": [],
            "secondary_access_key": "MgjP4gC+vEgW+CkPXzm4bGGCkF2as1Q3Htm1cXu8e+maAdhhPAT7AiFSMw3duNGqGgYAnWE3oh2p+AStD5Q5Pg==",
            "secondary_blob_connection_string": "",
            "secondary_blob_endpoint": null,
            "secondary_blob_host": null,
            "secondary_connection_string": "DefaultEndpointsProtocol=https;AccountName=storagelensgen2;AccountKey=MgjP4gC+vEgW+CkPXzm4bGGCkF2as1Q3Htm1cXu8e+maAdhhPAT7AiFSMw3duNGqGgYAnWE3oh2p+AStD5Q5Pg==;EndpointSuffix=core.windows.net",
            "secondary_dfs_endpoint": null,
            "secondary_dfs_host": null,
            "secondary_file_endpoint": null,
            "secondary_file_host": null,
            "secondary_location": "",
            "secondary_queue_endpoint": null,
            "secondary_queue_host": null,
            "secondary_table_endpoint": null,
            "secondary_table_host": null,
            "secondary_web_endpoint": null,
            "secondary_web_host": null,
            "sftp_enabled": false,
            "share_properties": [
              {
                "cors_rule": [],
                "retention_policy": [
                  {
                    "days": 7
                  }
                ],
                "smb": []
              }
            ],
            "shared_access_key_enabled": true,
            "static_website": [],
            "table_encryption_key_type": "Service",
            "tags": {},
            "timeouts": null
          },
          "sensitive_attributes": [],
          "private": "eyJlMmJmYjczMC1lY2FhLTExZTYtOGY4OC0zNDM2M2JjN2M0YzAiOnsiY3JlYXRlIjozNjAwMDAwMDAwMDAwLCJkZWxldGUiOjM2MDAwMDAwMDAwMDAsInJlYWQiOjMwMDAwMDAwMDAwMCwidXBkYXRlIjozNjAwMDAwMDAwMDAwfSwic2NoZW1hX3ZlcnNpb24iOiIzIn0=",
          "dependencies": [
            "module.rg_module.azurerm_resource_group.resource_group"
          ]
        }
      ]
    }
  ],
  "check_results": null
}
