{
  "version": 4,
  "terraform_version": "1.4.0",
  "serial": 401,
  "lineage": "6d111635-13f5-7e8e-a35d-5e280e943a7d",
  "outputs": {},
  "resources": [
    {
      "module": "module.nic01",
      "mode": "data",
      "type": "azurerm_public_ip",
      "name": "public_ip",
      "provider": "provider[\"registry.terraform.io/hashicorp/azurerm\"]",
      "instances": [
        {
          "index_key": "nic01",
          "schema_version": 0,
          "attributes": {
            "allocation_method": "Dynamic",
            "ddos_protection_mode": "VirtualNetworkInherited",
            "ddos_protection_plan_id": null,
            "domain_name_label": "",
            "fqdn": "",
            "id": "/subscriptions/edbac59f-d349-4f5d-b125-fbd3411b038a/resourceGroups/roopesh_rg_primary/providers/Microsoft.Network/publicIPAddresses/pip01",
            "idle_timeout_in_minutes": 4,
            "ip_address": "",
            "ip_tags": {},
            "ip_version": "IPv4",
            "location": "eastus",
            "name": "pip01",
            "resource_group_name": "roopesh_rg_primary",
            "reverse_fqdn": "",
            "sku": "Basic",
            "tags": {},
            "timeouts": null,
            "zones": []
          },
          "sensitive_attributes": []
        },
        {
          "index_key": "nic02",
          "schema_version": 0,
          "attributes": {
            "allocation_method": "Dynamic",
            "ddos_protection_mode": "VirtualNetworkInherited",
            "ddos_protection_plan_id": null,
            "domain_name_label": "",
            "fqdn": "",
            "id": "/subscriptions/edbac59f-d349-4f5d-b125-fbd3411b038a/resourceGroups/roopesh_rg_primary/providers/Microsoft.Network/publicIPAddresses/pip02",
            "idle_timeout_in_minutes": 4,
            "ip_address": "",
            "ip_tags": {},
            "ip_version": "IPv4",
            "location": "eastus",
            "name": "pip02",
            "resource_group_name": "roopesh_rg_primary",
            "reverse_fqdn": "",
            "sku": "Basic",
            "tags": {},
            "timeouts": null,
            "zones": []
          },
          "sensitive_attributes": []
        },
        {
          "index_key": "nic03",
          "schema_version": 0,
          "attributes": {
            "allocation_method": "Dynamic",
            "ddos_protection_mode": "VirtualNetworkInherited",
            "ddos_protection_plan_id": null,
            "domain_name_label": "",
            "fqdn": "",
            "id": "/subscriptions/edbac59f-d349-4f5d-b125-fbd3411b038a/resourceGroups/roopesh_rg_primary/providers/Microsoft.Network/publicIPAddresses/pip03",
            "idle_timeout_in_minutes": 4,
            "ip_address": "",
            "ip_tags": {},
            "ip_version": "IPv4",
            "location": "eastus",
            "name": "pip03",
            "resource_group_name": "roopesh_rg_primary",
            "reverse_fqdn": "",
            "sku": "Basic",
            "tags": {},
            "timeouts": null,
            "zones": []
          },
          "sensitive_attributes": []
        },
        {
          "index_key": "nic04",
          "schema_version": 0,
          "attributes": {
            "allocation_method": "Dynamic",
            "ddos_protection_mode": "VirtualNetworkInherited",
            "ddos_protection_plan_id": null,
            "domain_name_label": "",
            "fqdn": "",
            "id": "/subscriptions/edbac59f-d349-4f5d-b125-fbd3411b038a/resourceGroups/roopesh_rg_primary/providers/Microsoft.Network/publicIPAddresses/pip04",
            "idle_timeout_in_minutes": 4,
            "ip_address": "",
            "ip_tags": {},
            "ip_version": "IPv4",
            "location": "eastus",
            "name": "pip04",
            "resource_group_name": "roopesh_rg_primary",
            "reverse_fqdn": "",
            "sku": "Basic",
            "tags": {},
            "timeouts": null,
            "zones": []
          },
          "sensitive_attributes": []
        },
        {
          "index_key": "nic05",
          "schema_version": 0,
          "attributes": {
            "allocation_method": "Dynamic",
            "ddos_protection_mode": "VirtualNetworkInherited",
            "ddos_protection_plan_id": null,
            "domain_name_label": "",
            "fqdn": "",
            "id": "/subscriptions/edbac59f-d349-4f5d-b125-fbd3411b038a/resourceGroups/roopesh_rg_primary/providers/Microsoft.Network/publicIPAddresses/pip05",
            "idle_timeout_in_minutes": 4,
            "ip_address": "",
            "ip_tags": {},
            "ip_version": "IPv4",
            "location": "eastus",
            "name": "pip05",
            "resource_group_name": "roopesh_rg_primary",
            "reverse_fqdn": "",
            "sku": "Basic",
            "tags": {},
            "timeouts": null,
            "zones": []
          },
          "sensitive_attributes": []
        }
      ]
    },
    {
      "module": "module.nic01",
      "mode": "data",
      "type": "azurerm_subnet",
      "name": "subnet",
      "provider": "provider[\"registry.terraform.io/hashicorp/azurerm\"]",
      "instances": [
        {
          "index_key": "nic01",
          "schema_version": 0,
          "attributes": {
            "address_prefix": "10.7.1.0/24",
            "address_prefixes": [
              "10.7.1.0/24"
            ],
            "enforce_private_link_endpoint_network_policies": false,
            "enforce_private_link_service_network_policies": false,
            "id": "/subscriptions/edbac59f-d349-4f5d-b125-fbd3411b038a/resourceGroups/roopesh_rg_primary/providers/Microsoft.Network/virtualNetworks/SPOKE_eus_vnet/subnets/AD_subnet",
            "name": "AD_subnet",
            "network_security_group_id": "",
            "private_endpoint_network_policies_enabled": true,
            "private_link_service_network_policies_enabled": true,
            "resource_group_name": "roopesh_rg_primary",
            "route_table_id": "",
            "service_endpoints": [],
            "timeouts": null,
            "virtual_network_name": "SPOKE_eus_vnet"
          },
          "sensitive_attributes": []
        },
        {
          "index_key": "nic02",
          "schema_version": 0,
          "attributes": {
            "address_prefix": "10.7.2.0/24",
            "address_prefixes": [
              "10.7.2.0/24"
            ],
            "enforce_private_link_endpoint_network_policies": false,
            "enforce_private_link_service_network_policies": false,
            "id": "/subscriptions/edbac59f-d349-4f5d-b125-fbd3411b038a/resourceGroups/roopesh_rg_primary/providers/Microsoft.Network/virtualNetworks/SPOKE_eus_vnet/subnets/WEB_subnet",
            "name": "WEB_subnet",
            "network_security_group_id": "",
            "private_endpoint_network_policies_enabled": true,
            "private_link_service_network_policies_enabled": true,
            "resource_group_name": "roopesh_rg_primary",
            "route_table_id": "",
            "service_endpoints": [],
            "timeouts": null,
            "virtual_network_name": "SPOKE_eus_vnet"
          },
          "sensitive_attributes": []
        },
        {
          "index_key": "nic03",
          "schema_version": 0,
          "attributes": {
            "address_prefix": "10.7.2.0/24",
            "address_prefixes": [
              "10.7.2.0/24"
            ],
            "enforce_private_link_endpoint_network_policies": false,
            "enforce_private_link_service_network_policies": false,
            "id": "/subscriptions/edbac59f-d349-4f5d-b125-fbd3411b038a/resourceGroups/roopesh_rg_primary/providers/Microsoft.Network/virtualNetworks/SPOKE_eus_vnet/subnets/WEB_subnet",
            "name": "WEB_subnet",
            "network_security_group_id": "",
            "private_endpoint_network_policies_enabled": true,
            "private_link_service_network_policies_enabled": true,
            "resource_group_name": "roopesh_rg_primary",
            "route_table_id": "",
            "service_endpoints": [],
            "timeouts": null,
            "virtual_network_name": "SPOKE_eus_vnet"
          },
          "sensitive_attributes": []
        },
        {
          "index_key": "nic04",
          "schema_version": 0,
          "attributes": {
            "address_prefix": "10.7.3.0/24",
            "address_prefixes": [
              "10.7.3.0/24"
            ],
            "enforce_private_link_endpoint_network_policies": false,
            "enforce_private_link_service_network_policies": false,
            "id": "/subscriptions/edbac59f-d349-4f5d-b125-fbd3411b038a/resourceGroups/roopesh_rg_primary/providers/Microsoft.Network/virtualNetworks/SPOKE_eus_vnet/subnets/SQL_subnet",
            "name": "SQL_subnet",
            "network_security_group_id": "",
            "private_endpoint_network_policies_enabled": true,
            "private_link_service_network_policies_enabled": true,
            "resource_group_name": "roopesh_rg_primary",
            "route_table_id": "",
            "service_endpoints": [],
            "timeouts": null,
            "virtual_network_name": "SPOKE_eus_vnet"
          },
          "sensitive_attributes": []
        },
        {
          "index_key": "nic05",
          "schema_version": 0,
          "attributes": {
            "address_prefix": "10.7.3.0/24",
            "address_prefixes": [
              "10.7.3.0/24"
            ],
            "enforce_private_link_endpoint_network_policies": false,
            "enforce_private_link_service_network_policies": false,
            "id": "/subscriptions/edbac59f-d349-4f5d-b125-fbd3411b038a/resourceGroups/roopesh_rg_primary/providers/Microsoft.Network/virtualNetworks/SPOKE_eus_vnet/subnets/SQL_subnet",
            "name": "SQL_subnet",
            "network_security_group_id": "",
            "private_endpoint_network_policies_enabled": true,
            "private_link_service_network_policies_enabled": true,
            "resource_group_name": "roopesh_rg_primary",
            "route_table_id": "",
            "service_endpoints": [],
            "timeouts": null,
            "virtual_network_name": "SPOKE_eus_vnet"
          },
          "sensitive_attributes": []
        }
      ]
    },
    {
      "module": "module.nic01",
      "mode": "managed",
      "type": "azurerm_network_interface",
      "name": "network_interface",
      "provider": "provider[\"registry.terraform.io/hashicorp/azurerm\"]",
      "instances": [
        {
          "index_key": "nic01",
          "schema_version": 0,
          "attributes": {
            "applied_dns_servers": [],
            "dns_servers": [],
            "edge_zone": "",
            "enable_accelerated_networking": false,
            "enable_ip_forwarding": false,
            "id": "/subscriptions/edbac59f-d349-4f5d-b125-fbd3411b038a/resourceGroups/roopesh_rg_primary/providers/Microsoft.Network/networkInterfaces/vm_nic01",
            "internal_dns_name_label": "",
            "internal_domain_name_suffix": "1wiqvjmpik4uhf4bcixl52by1f.bx.internal.cloudapp.net",
            "ip_configuration": [
              {
                "gateway_load_balancer_frontend_ip_configuration_id": "",
                "name": "nic01_ip",
                "primary": true,
                "private_ip_address": "10.7.1.4",
                "private_ip_address_allocation": "Dynamic",
                "private_ip_address_version": "IPv4",
                "public_ip_address_id": "/subscriptions/edbac59f-d349-4f5d-b125-fbd3411b038a/resourceGroups/roopesh_rg_primary/providers/Microsoft.Network/publicIPAddresses/pip01",
                "subnet_id": "/subscriptions/edbac59f-d349-4f5d-b125-fbd3411b038a/resourceGroups/roopesh_rg_primary/providers/Microsoft.Network/virtualNetworks/SPOKE_eus_vnet/subnets/AD_subnet"
              }
            ],
            "location": "eastus",
            "mac_address": "",
            "name": "vm_nic01",
            "private_ip_address": "10.7.1.4",
            "private_ip_addresses": [
              "10.7.1.4"
            ],
            "resource_group_name": "roopesh_rg_primary",
            "tags": null,
            "timeouts": null,
            "virtual_machine_id": ""
          },
          "sensitive_attributes": [],
          "private": "eyJlMmJmYjczMC1lY2FhLTExZTYtOGY4OC0zNDM2M2JjN2M0YzAiOnsiY3JlYXRlIjoxODAwMDAwMDAwMDAwLCJkZWxldGUiOjE4MDAwMDAwMDAwMDAsInJlYWQiOjMwMDAwMDAwMDAwMCwidXBkYXRlIjoxODAwMDAwMDAwMDAwfX0=",
          "dependencies": [
            "module.nic01.data.azurerm_public_ip.public_ip",
            "module.nic01.data.azurerm_subnet.subnet",
            "module.public_ip.azurerm_public_ip.public_ip",
            "module.rg.azurerm_resource_group.resource_group",
            "module.subnet.azurerm_subnet.subnet",
            "module.vnet.azurerm_virtual_network.virtual_network"
          ]
        },
        {
          "index_key": "nic02",
          "schema_version": 0,
          "attributes": {
            "applied_dns_servers": [],
            "dns_servers": [],
            "edge_zone": "",
            "enable_accelerated_networking": false,
            "enable_ip_forwarding": false,
            "id": "/subscriptions/edbac59f-d349-4f5d-b125-fbd3411b038a/resourceGroups/roopesh_rg_primary/providers/Microsoft.Network/networkInterfaces/vm_nic02",
            "internal_dns_name_label": "",
            "internal_domain_name_suffix": "1wiqvjmpik4uhf4bcixl52by1f.bx.internal.cloudapp.net",
            "ip_configuration": [
              {
                "gateway_load_balancer_frontend_ip_configuration_id": "",
                "name": "nic02_ip",
                "primary": true,
                "private_ip_address": "10.7.2.5",
                "private_ip_address_allocation": "Dynamic",
                "private_ip_address_version": "IPv4",
                "public_ip_address_id": "/subscriptions/edbac59f-d349-4f5d-b125-fbd3411b038a/resourceGroups/roopesh_rg_primary/providers/Microsoft.Network/publicIPAddresses/pip02",
                "subnet_id": "/subscriptions/edbac59f-d349-4f5d-b125-fbd3411b038a/resourceGroups/roopesh_rg_primary/providers/Microsoft.Network/virtualNetworks/SPOKE_eus_vnet/subnets/WEB_subnet"
              }
            ],
            "location": "eastus",
            "mac_address": "",
            "name": "vm_nic02",
            "private_ip_address": "10.7.2.5",
            "private_ip_addresses": [
              "10.7.2.5"
            ],
            "resource_group_name": "roopesh_rg_primary",
            "tags": null,
            "timeouts": null,
            "virtual_machine_id": ""
          },
          "sensitive_attributes": [],
          "private": "eyJlMmJmYjczMC1lY2FhLTExZTYtOGY4OC0zNDM2M2JjN2M0YzAiOnsiY3JlYXRlIjoxODAwMDAwMDAwMDAwLCJkZWxldGUiOjE4MDAwMDAwMDAwMDAsInJlYWQiOjMwMDAwMDAwMDAwMCwidXBkYXRlIjoxODAwMDAwMDAwMDAwfX0=",
          "dependencies": [
            "module.nic01.data.azurerm_public_ip.public_ip",
            "module.nic01.data.azurerm_subnet.subnet",
            "module.public_ip.azurerm_public_ip.public_ip",
            "module.rg.azurerm_resource_group.resource_group",
            "module.subnet.azurerm_subnet.subnet",
            "module.vnet.azurerm_virtual_network.virtual_network"
          ]
        },
        {
          "index_key": "nic03",
          "schema_version": 0,
          "attributes": {
            "applied_dns_servers": [],
            "dns_servers": [],
            "edge_zone": "",
            "enable_accelerated_networking": false,
            "enable_ip_forwarding": false,
            "id": "/subscriptions/edbac59f-d349-4f5d-b125-fbd3411b038a/resourceGroups/roopesh_rg_primary/providers/Microsoft.Network/networkInterfaces/vm_nic03",
            "internal_dns_name_label": "",
            "internal_domain_name_suffix": "1wiqvjmpik4uhf4bcixl52by1f.bx.internal.cloudapp.net",
            "ip_configuration": [
              {
                "gateway_load_balancer_frontend_ip_configuration_id": "",
                "name": "nic03_ip",
                "primary": true,
                "private_ip_address": "10.7.2.4",
                "private_ip_address_allocation": "Dynamic",
                "private_ip_address_version": "IPv4",
                "public_ip_address_id": "/subscriptions/edbac59f-d349-4f5d-b125-fbd3411b038a/resourceGroups/roopesh_rg_primary/providers/Microsoft.Network/publicIPAddresses/pip03",
                "subnet_id": "/subscriptions/edbac59f-d349-4f5d-b125-fbd3411b038a/resourceGroups/roopesh_rg_primary/providers/Microsoft.Network/virtualNetworks/SPOKE_eus_vnet/subnets/WEB_subnet"
              }
            ],
            "location": "eastus",
            "mac_address": "",
            "name": "vm_nic03",
            "private_ip_address": "10.7.2.4",
            "private_ip_addresses": [
              "10.7.2.4"
            ],
            "resource_group_name": "roopesh_rg_primary",
            "tags": null,
            "timeouts": null,
            "virtual_machine_id": ""
          },
          "sensitive_attributes": [],
          "private": "eyJlMmJmYjczMC1lY2FhLTExZTYtOGY4OC0zNDM2M2JjN2M0YzAiOnsiY3JlYXRlIjoxODAwMDAwMDAwMDAwLCJkZWxldGUiOjE4MDAwMDAwMDAwMDAsInJlYWQiOjMwMDAwMDAwMDAwMCwidXBkYXRlIjoxODAwMDAwMDAwMDAwfX0=",
          "dependencies": [
            "module.nic01.data.azurerm_public_ip.public_ip",
            "module.nic01.data.azurerm_subnet.subnet",
            "module.public_ip.azurerm_public_ip.public_ip",
            "module.rg.azurerm_resource_group.resource_group",
            "module.subnet.azurerm_subnet.subnet",
            "module.vnet.azurerm_virtual_network.virtual_network"
          ]
        },
        {
          "index_key": "nic04",
          "schema_version": 0,
          "attributes": {
            "applied_dns_servers": [],
            "dns_servers": [],
            "edge_zone": "",
            "enable_accelerated_networking": false,
            "enable_ip_forwarding": false,
            "id": "/subscriptions/edbac59f-d349-4f5d-b125-fbd3411b038a/resourceGroups/roopesh_rg_primary/providers/Microsoft.Network/networkInterfaces/vm_nic04",
            "internal_dns_name_label": "",
            "internal_domain_name_suffix": "1wiqvjmpik4uhf4bcixl52by1f.bx.internal.cloudapp.net",
            "ip_configuration": [
              {
                "gateway_load_balancer_frontend_ip_configuration_id": "",
                "name": "nic04_ip",
                "primary": true,
                "private_ip_address": "10.7.3.5",
                "private_ip_address_allocation": "Dynamic",
                "private_ip_address_version": "IPv4",
                "public_ip_address_id": "/subscriptions/edbac59f-d349-4f5d-b125-fbd3411b038a/resourceGroups/roopesh_rg_primary/providers/Microsoft.Network/publicIPAddresses/pip04",
                "subnet_id": "/subscriptions/edbac59f-d349-4f5d-b125-fbd3411b038a/resourceGroups/roopesh_rg_primary/providers/Microsoft.Network/virtualNetworks/SPOKE_eus_vnet/subnets/SQL_subnet"
              }
            ],
            "location": "eastus",
            "mac_address": "",
            "name": "vm_nic04",
            "private_ip_address": "10.7.3.5",
            "private_ip_addresses": [
              "10.7.3.5"
            ],
            "resource_group_name": "roopesh_rg_primary",
            "tags": null,
            "timeouts": null,
            "virtual_machine_id": ""
          },
          "sensitive_attributes": [],
          "private": "eyJlMmJmYjczMC1lY2FhLTExZTYtOGY4OC0zNDM2M2JjN2M0YzAiOnsiY3JlYXRlIjoxODAwMDAwMDAwMDAwLCJkZWxldGUiOjE4MDAwMDAwMDAwMDAsInJlYWQiOjMwMDAwMDAwMDAwMCwidXBkYXRlIjoxODAwMDAwMDAwMDAwfX0=",
          "dependencies": [
            "module.nic01.data.azurerm_public_ip.public_ip",
            "module.nic01.data.azurerm_subnet.subnet",
            "module.public_ip.azurerm_public_ip.public_ip",
            "module.rg.azurerm_resource_group.resource_group",
            "module.subnet.azurerm_subnet.subnet",
            "module.vnet.azurerm_virtual_network.virtual_network"
          ]
        },
        {
          "index_key": "nic05",
          "schema_version": 0,
          "attributes": {
            "applied_dns_servers": [],
            "dns_servers": [],
            "edge_zone": "",
            "enable_accelerated_networking": false,
            "enable_ip_forwarding": false,
            "id": "/subscriptions/edbac59f-d349-4f5d-b125-fbd3411b038a/resourceGroups/roopesh_rg_primary/providers/Microsoft.Network/networkInterfaces/vm_nic05",
            "internal_dns_name_label": "",
            "internal_domain_name_suffix": "1wiqvjmpik4uhf4bcixl52by1f.bx.internal.cloudapp.net",
            "ip_configuration": [
              {
                "gateway_load_balancer_frontend_ip_configuration_id": "",
                "name": "nic05_ip",
                "primary": true,
                "private_ip_address": "10.7.3.4",
                "private_ip_address_allocation": "Dynamic",
                "private_ip_address_version": "IPv4",
                "public_ip_address_id": "/subscriptions/edbac59f-d349-4f5d-b125-fbd3411b038a/resourceGroups/roopesh_rg_primary/providers/Microsoft.Network/publicIPAddresses/pip05",
                "subnet_id": "/subscriptions/edbac59f-d349-4f5d-b125-fbd3411b038a/resourceGroups/roopesh_rg_primary/providers/Microsoft.Network/virtualNetworks/SPOKE_eus_vnet/subnets/SQL_subnet"
              }
            ],
            "location": "eastus",
            "mac_address": "",
            "name": "vm_nic05",
            "private_ip_address": "10.7.3.4",
            "private_ip_addresses": [
              "10.7.3.4"
            ],
            "resource_group_name": "roopesh_rg_primary",
            "tags": null,
            "timeouts": null,
            "virtual_machine_id": ""
          },
          "sensitive_attributes": [],
          "private": "eyJlMmJmYjczMC1lY2FhLTExZTYtOGY4OC0zNDM2M2JjN2M0YzAiOnsiY3JlYXRlIjoxODAwMDAwMDAwMDAwLCJkZWxldGUiOjE4MDAwMDAwMDAwMDAsInJlYWQiOjMwMDAwMDAwMDAwMCwidXBkYXRlIjoxODAwMDAwMDAwMDAwfX0=",
          "dependencies": [
            "module.nic01.data.azurerm_public_ip.public_ip",
            "module.nic01.data.azurerm_subnet.subnet",
            "module.public_ip.azurerm_public_ip.public_ip",
            "module.rg.azurerm_resource_group.resource_group",
            "module.subnet.azurerm_subnet.subnet",
            "module.vnet.azurerm_virtual_network.virtual_network"
          ]
        }
      ]
    },
    {
      "module": "module.public_ip",
      "mode": "managed",
      "type": "azurerm_public_ip",
      "name": "public_ip",
      "provider": "provider[\"registry.terraform.io/hashicorp/azurerm\"]",
      "instances": [
        {
          "index_key": "pip01",
          "schema_version": 0,
          "attributes": {
            "allocation_method": "Dynamic",
            "ddos_protection_mode": "VirtualNetworkInherited",
            "ddos_protection_plan_id": null,
            "domain_name_label": null,
            "edge_zone": "",
            "fqdn": null,
            "id": "/subscriptions/edbac59f-d349-4f5d-b125-fbd3411b038a/resourceGroups/roopesh_rg_primary/providers/Microsoft.Network/publicIPAddresses/pip01",
            "idle_timeout_in_minutes": 4,
            "ip_address": "",
            "ip_tags": null,
            "ip_version": "IPv4",
            "location": "eastus",
            "name": "pip01",
            "public_ip_prefix_id": null,
            "resource_group_name": "roopesh_rg_primary",
            "reverse_fqdn": null,
            "sku": "Basic",
            "sku_tier": "Regional",
            "tags": null,
            "timeouts": null,
            "zones": null
          },
          "sensitive_attributes": [],
          "private": "eyJlMmJmYjczMC1lY2FhLTExZTYtOGY4OC0zNDM2M2JjN2M0YzAiOnsiY3JlYXRlIjoxODAwMDAwMDAwMDAwLCJkZWxldGUiOjE4MDAwMDAwMDAwMDAsInJlYWQiOjMwMDAwMDAwMDAwMCwidXBkYXRlIjoxODAwMDAwMDAwMDAwfX0=",
          "dependencies": [
            "module.rg.azurerm_resource_group.resource_group",
            "module.vnet.azurerm_virtual_network.virtual_network"
          ]
        },
        {
          "index_key": "pip02",
          "schema_version": 0,
          "attributes": {
            "allocation_method": "Dynamic",
            "ddos_protection_mode": "VirtualNetworkInherited",
            "ddos_protection_plan_id": null,
            "domain_name_label": null,
            "edge_zone": "",
            "fqdn": null,
            "id": "/subscriptions/edbac59f-d349-4f5d-b125-fbd3411b038a/resourceGroups/roopesh_rg_primary/providers/Microsoft.Network/publicIPAddresses/pip02",
            "idle_timeout_in_minutes": 4,
            "ip_address": "",
            "ip_tags": null,
            "ip_version": "IPv4",
            "location": "eastus",
            "name": "pip02",
            "public_ip_prefix_id": null,
            "resource_group_name": "roopesh_rg_primary",
            "reverse_fqdn": null,
            "sku": "Basic",
            "sku_tier": "Regional",
            "tags": null,
            "timeouts": null,
            "zones": null
          },
          "sensitive_attributes": [],
          "private": "eyJlMmJmYjczMC1lY2FhLTExZTYtOGY4OC0zNDM2M2JjN2M0YzAiOnsiY3JlYXRlIjoxODAwMDAwMDAwMDAwLCJkZWxldGUiOjE4MDAwMDAwMDAwMDAsInJlYWQiOjMwMDAwMDAwMDAwMCwidXBkYXRlIjoxODAwMDAwMDAwMDAwfX0=",
          "dependencies": [
            "module.rg.azurerm_resource_group.resource_group",
            "module.vnet.azurerm_virtual_network.virtual_network"
          ]
        },
        {
          "index_key": "pip03",
          "schema_version": 0,
          "attributes": {
            "allocation_method": "Dynamic",
            "ddos_protection_mode": "VirtualNetworkInherited",
            "ddos_protection_plan_id": null,
            "domain_name_label": null,
            "edge_zone": "",
            "fqdn": null,
            "id": "/subscriptions/edbac59f-d349-4f5d-b125-fbd3411b038a/resourceGroups/roopesh_rg_primary/providers/Microsoft.Network/publicIPAddresses/pip03",
            "idle_timeout_in_minutes": 4,
            "ip_address": "",
            "ip_tags": null,
            "ip_version": "IPv4",
            "location": "eastus",
            "name": "pip03",
            "public_ip_prefix_id": null,
            "resource_group_name": "roopesh_rg_primary",
            "reverse_fqdn": null,
            "sku": "Basic",
            "sku_tier": "Regional",
            "tags": null,
            "timeouts": null,
            "zones": null
          },
          "sensitive_attributes": [],
          "private": "eyJlMmJmYjczMC1lY2FhLTExZTYtOGY4OC0zNDM2M2JjN2M0YzAiOnsiY3JlYXRlIjoxODAwMDAwMDAwMDAwLCJkZWxldGUiOjE4MDAwMDAwMDAwMDAsInJlYWQiOjMwMDAwMDAwMDAwMCwidXBkYXRlIjoxODAwMDAwMDAwMDAwfX0=",
          "dependencies": [
            "module.rg.azurerm_resource_group.resource_group",
            "module.vnet.azurerm_virtual_network.virtual_network"
          ]
        },
        {
          "index_key": "pip04",
          "schema_version": 0,
          "attributes": {
            "allocation_method": "Dynamic",
            "ddos_protection_mode": "VirtualNetworkInherited",
            "ddos_protection_plan_id": null,
            "domain_name_label": null,
            "edge_zone": "",
            "fqdn": null,
            "id": "/subscriptions/edbac59f-d349-4f5d-b125-fbd3411b038a/resourceGroups/roopesh_rg_primary/providers/Microsoft.Network/publicIPAddresses/pip04",
            "idle_timeout_in_minutes": 4,
            "ip_address": "",
            "ip_tags": null,
            "ip_version": "IPv4",
            "location": "eastus",
            "name": "pip04",
            "public_ip_prefix_id": null,
            "resource_group_name": "roopesh_rg_primary",
            "reverse_fqdn": null,
            "sku": "Basic",
            "sku_tier": "Regional",
            "tags": null,
            "timeouts": null,
            "zones": null
          },
          "sensitive_attributes": [],
          "private": "eyJlMmJmYjczMC1lY2FhLTExZTYtOGY4OC0zNDM2M2JjN2M0YzAiOnsiY3JlYXRlIjoxODAwMDAwMDAwMDAwLCJkZWxldGUiOjE4MDAwMDAwMDAwMDAsInJlYWQiOjMwMDAwMDAwMDAwMCwidXBkYXRlIjoxODAwMDAwMDAwMDAwfX0=",
          "dependencies": [
            "module.rg.azurerm_resource_group.resource_group",
            "module.vnet.azurerm_virtual_network.virtual_network"
          ]
        },
        {
          "index_key": "pip05",
          "schema_version": 0,
          "attributes": {
            "allocation_method": "Dynamic",
            "ddos_protection_mode": "VirtualNetworkInherited",
            "ddos_protection_plan_id": null,
            "domain_name_label": null,
            "edge_zone": "",
            "fqdn": null,
            "id": "/subscriptions/edbac59f-d349-4f5d-b125-fbd3411b038a/resourceGroups/roopesh_rg_primary/providers/Microsoft.Network/publicIPAddresses/pip05",
            "idle_timeout_in_minutes": 4,
            "ip_address": "",
            "ip_tags": null,
            "ip_version": "IPv4",
            "location": "eastus",
            "name": "pip05",
            "public_ip_prefix_id": null,
            "resource_group_name": "roopesh_rg_primary",
            "reverse_fqdn": null,
            "sku": "Basic",
            "sku_tier": "Regional",
            "tags": null,
            "timeouts": null,
            "zones": null
          },
          "sensitive_attributes": [],
          "private": "eyJlMmJmYjczMC1lY2FhLTExZTYtOGY4OC0zNDM2M2JjN2M0YzAiOnsiY3JlYXRlIjoxODAwMDAwMDAwMDAwLCJkZWxldGUiOjE4MDAwMDAwMDAwMDAsInJlYWQiOjMwMDAwMDAwMDAwMCwidXBkYXRlIjoxODAwMDAwMDAwMDAwfX0=",
          "dependencies": [
            "module.rg.azurerm_resource_group.resource_group",
            "module.vnet.azurerm_virtual_network.virtual_network"
          ]
        }
      ]
    },
    {
      "module": "module.rg",
      "mode": "managed",
      "type": "azurerm_resource_group",
      "name": "resource_group",
      "provider": "provider[\"registry.terraform.io/hashicorp/azurerm\"]",
      "instances": [
        {
          "index_key": "rg01",
          "schema_version": 0,
          "attributes": {
            "id": "/subscriptions/edbac59f-d349-4f5d-b125-fbd3411b038a/resourceGroups/roopesh_rg_primary",
            "location": "eastus",
            "name": "roopesh_rg_primary",
            "tags": null,
            "timeouts": null
          },
          "sensitive_attributes": [],
          "private": "eyJlMmJmYjczMC1lY2FhLTExZTYtOGY4OC0zNDM2M2JjN2M0YzAiOnsiY3JlYXRlIjo1NDAwMDAwMDAwMDAwLCJkZWxldGUiOjU0MDAwMDAwMDAwMDAsInJlYWQiOjMwMDAwMDAwMDAwMCwidXBkYXRlIjo1NDAwMDAwMDAwMDAwfX0="
        },
        {
          "index_key": "rg02",
          "schema_version": 0,
          "attributes": {
            "id": "/subscriptions/edbac59f-d349-4f5d-b125-fbd3411b038a/resourceGroups/roopesh_rg_secondary",
            "location": "westus",
            "name": "roopesh_rg_secondary",
            "tags": null,
            "timeouts": null
          },
          "sensitive_attributes": [],
          "private": "eyJlMmJmYjczMC1lY2FhLTExZTYtOGY4OC0zNDM2M2JjN2M0YzAiOnsiY3JlYXRlIjo1NDAwMDAwMDAwMDAwLCJkZWxldGUiOjU0MDAwMDAwMDAwMDAsInJlYWQiOjMwMDAwMDAwMDAwMCwidXBkYXRlIjo1NDAwMDAwMDAwMDAwfX0="
        }
      ]
    },
    {
      "module": "module.subnet",
      "mode": "managed",
      "type": "azurerm_subnet",
      "name": "subnet",
      "provider": "provider[\"registry.terraform.io/hashicorp/azurerm\"]",
      "instances": [
        {
          "index_key": "subnet01",
          "schema_version": 0,
          "attributes": {
            "address_prefixes": [
              "10.6.1.0/24"
            ],
            "delegation": [],
            "enforce_private_link_endpoint_network_policies": false,
            "enforce_private_link_service_network_policies": false,
            "id": "/subscriptions/edbac59f-d349-4f5d-b125-fbd3411b038a/resourceGroups/roopesh_rg_primary/providers/Microsoft.Network/virtualNetworks/HUB_eus_vnet/subnets/subnet01",
            "name": "subnet01",
            "private_endpoint_network_policies_enabled": true,
            "private_link_service_network_policies_enabled": true,
            "resource_group_name": "roopesh_rg_primary",
            "service_endpoint_policy_ids": null,
            "service_endpoints": null,
            "timeouts": null,
            "virtual_network_name": "HUB_eus_vnet"
          },
          "sensitive_attributes": [],
          "private": "eyJlMmJmYjczMC1lY2FhLTExZTYtOGY4OC0zNDM2M2JjN2M0YzAiOnsiY3JlYXRlIjoxODAwMDAwMDAwMDAwLCJkZWxldGUiOjE4MDAwMDAwMDAwMDAsInJlYWQiOjMwMDAwMDAwMDAwMCwidXBkYXRlIjoxODAwMDAwMDAwMDAwfX0=",
          "dependencies": [
            "module.rg.azurerm_resource_group.resource_group",
            "module.vnet.azurerm_virtual_network.virtual_network"
          ]
        },
        {
          "index_key": "subnet02",
          "schema_version": 0,
          "attributes": {
            "address_prefixes": [
              "10.6.2.0/24"
            ],
            "delegation": [],
            "enforce_private_link_endpoint_network_policies": false,
            "enforce_private_link_service_network_policies": false,
            "id": "/subscriptions/edbac59f-d349-4f5d-b125-fbd3411b038a/resourceGroups/roopesh_rg_primary/providers/Microsoft.Network/virtualNetworks/HUB_eus_vnet/subnets/subnet02",
            "name": "subnet02",
            "private_endpoint_network_policies_enabled": true,
            "private_link_service_network_policies_enabled": true,
            "resource_group_name": "roopesh_rg_primary",
            "service_endpoint_policy_ids": null,
            "service_endpoints": null,
            "timeouts": null,
            "virtual_network_name": "HUB_eus_vnet"
          },
          "sensitive_attributes": [],
          "private": "eyJlMmJmYjczMC1lY2FhLTExZTYtOGY4OC0zNDM2M2JjN2M0YzAiOnsiY3JlYXRlIjoxODAwMDAwMDAwMDAwLCJkZWxldGUiOjE4MDAwMDAwMDAwMDAsInJlYWQiOjMwMDAwMDAwMDAwMCwidXBkYXRlIjoxODAwMDAwMDAwMDAwfX0=",
          "dependencies": [
            "module.rg.azurerm_resource_group.resource_group",
            "module.vnet.azurerm_virtual_network.virtual_network"
          ]
        },
        {
          "index_key": "subnet03",
          "schema_version": 0,
          "attributes": {
            "address_prefixes": [
              "10.6.3.0/24"
            ],
            "delegation": [],
            "enforce_private_link_endpoint_network_policies": false,
            "enforce_private_link_service_network_policies": false,
            "id": "/subscriptions/edbac59f-d349-4f5d-b125-fbd3411b038a/resourceGroups/roopesh_rg_primary/providers/Microsoft.Network/virtualNetworks/HUB_eus_vnet/subnets/subnet03",
            "name": "subnet03",
            "private_endpoint_network_policies_enabled": true,
            "private_link_service_network_policies_enabled": true,
            "resource_group_name": "roopesh_rg_primary",
            "service_endpoint_policy_ids": null,
            "service_endpoints": null,
            "timeouts": null,
            "virtual_network_name": "HUB_eus_vnet"
          },
          "sensitive_attributes": [],
          "private": "eyJlMmJmYjczMC1lY2FhLTExZTYtOGY4OC0zNDM2M2JjN2M0YzAiOnsiY3JlYXRlIjoxODAwMDAwMDAwMDAwLCJkZWxldGUiOjE4MDAwMDAwMDAwMDAsInJlYWQiOjMwMDAwMDAwMDAwMCwidXBkYXRlIjoxODAwMDAwMDAwMDAwfX0=",
          "dependencies": [
            "module.rg.azurerm_resource_group.resource_group",
            "module.vnet.azurerm_virtual_network.virtual_network"
          ]
        },
        {
          "index_key": "subnet04",
          "schema_version": 0,
          "attributes": {
            "address_prefixes": [
              "10.7.1.0/24"
            ],
            "delegation": [],
            "enforce_private_link_endpoint_network_policies": false,
            "enforce_private_link_service_network_policies": false,
            "id": "/subscriptions/edbac59f-d349-4f5d-b125-fbd3411b038a/resourceGroups/roopesh_rg_primary/providers/Microsoft.Network/virtualNetworks/SPOKE_eus_vnet/subnets/AD_subnet",
            "name": "AD_subnet",
            "private_endpoint_network_policies_enabled": true,
            "private_link_service_network_policies_enabled": true,
            "resource_group_name": "roopesh_rg_primary",
            "service_endpoint_policy_ids": null,
            "service_endpoints": null,
            "timeouts": null,
            "virtual_network_name": "SPOKE_eus_vnet"
          },
          "sensitive_attributes": [],
          "private": "eyJlMmJmYjczMC1lY2FhLTExZTYtOGY4OC0zNDM2M2JjN2M0YzAiOnsiY3JlYXRlIjoxODAwMDAwMDAwMDAwLCJkZWxldGUiOjE4MDAwMDAwMDAwMDAsInJlYWQiOjMwMDAwMDAwMDAwMCwidXBkYXRlIjoxODAwMDAwMDAwMDAwfX0=",
          "dependencies": [
            "module.rg.azurerm_resource_group.resource_group",
            "module.vnet.azurerm_virtual_network.virtual_network"
          ]
        },
        {
          "index_key": "subnet05",
          "schema_version": 0,
          "attributes": {
            "address_prefixes": [
              "10.7.2.0/24"
            ],
            "delegation": [],
            "enforce_private_link_endpoint_network_policies": false,
            "enforce_private_link_service_network_policies": false,
            "id": "/subscriptions/edbac59f-d349-4f5d-b125-fbd3411b038a/resourceGroups/roopesh_rg_primary/providers/Microsoft.Network/virtualNetworks/SPOKE_eus_vnet/subnets/WEB_subnet",
            "name": "WEB_subnet",
            "private_endpoint_network_policies_enabled": true,
            "private_link_service_network_policies_enabled": true,
            "resource_group_name": "roopesh_rg_primary",
            "service_endpoint_policy_ids": null,
            "service_endpoints": null,
            "timeouts": null,
            "virtual_network_name": "SPOKE_eus_vnet"
          },
          "sensitive_attributes": [],
          "private": "eyJlMmJmYjczMC1lY2FhLTExZTYtOGY4OC0zNDM2M2JjN2M0YzAiOnsiY3JlYXRlIjoxODAwMDAwMDAwMDAwLCJkZWxldGUiOjE4MDAwMDAwMDAwMDAsInJlYWQiOjMwMDAwMDAwMDAwMCwidXBkYXRlIjoxODAwMDAwMDAwMDAwfX0=",
          "dependencies": [
            "module.rg.azurerm_resource_group.resource_group",
            "module.vnet.azurerm_virtual_network.virtual_network"
          ]
        },
        {
          "index_key": "subnet06",
          "schema_version": 0,
          "attributes": {
            "address_prefixes": [
              "10.7.3.0/24"
            ],
            "delegation": [],
            "enforce_private_link_endpoint_network_policies": false,
            "enforce_private_link_service_network_policies": false,
            "id": "/subscriptions/edbac59f-d349-4f5d-b125-fbd3411b038a/resourceGroups/roopesh_rg_primary/providers/Microsoft.Network/virtualNetworks/SPOKE_eus_vnet/subnets/SQL_subnet",
            "name": "SQL_subnet",
            "private_endpoint_network_policies_enabled": true,
            "private_link_service_network_policies_enabled": true,
            "resource_group_name": "roopesh_rg_primary",
            "service_endpoint_policy_ids": null,
            "service_endpoints": null,
            "timeouts": null,
            "virtual_network_name": "SPOKE_eus_vnet"
          },
          "sensitive_attributes": [],
          "private": "eyJlMmJmYjczMC1lY2FhLTExZTYtOGY4OC0zNDM2M2JjN2M0YzAiOnsiY3JlYXRlIjoxODAwMDAwMDAwMDAwLCJkZWxldGUiOjE4MDAwMDAwMDAwMDAsInJlYWQiOjMwMDAwMDAwMDAwMCwidXBkYXRlIjoxODAwMDAwMDAwMDAwfX0=",
          "dependencies": [
            "module.rg.azurerm_resource_group.resource_group",
            "module.vnet.azurerm_virtual_network.virtual_network"
          ]
        },
        {
          "index_key": "subnet07",
          "schema_version": 0,
          "attributes": {
            "address_prefixes": [
              "10.8.1.0/24"
            ],
            "delegation": [],
            "enforce_private_link_endpoint_network_policies": false,
            "enforce_private_link_service_network_policies": false,
            "id": "/subscriptions/edbac59f-d349-4f5d-b125-fbd3411b038a/resourceGroups/roopesh_rg_secondary/providers/Microsoft.Network/virtualNetworks/HUB_wus_vnet/subnets/subnet01",
            "name": "subnet01",
            "private_endpoint_network_policies_enabled": true,
            "private_link_service_network_policies_enabled": true,
            "resource_group_name": "roopesh_rg_secondary",
            "service_endpoint_policy_ids": null,
            "service_endpoints": null,
            "timeouts": null,
            "virtual_network_name": "HUB_wus_vnet"
          },
          "sensitive_attributes": [],
          "private": "eyJlMmJmYjczMC1lY2FhLTExZTYtOGY4OC0zNDM2M2JjN2M0YzAiOnsiY3JlYXRlIjoxODAwMDAwMDAwMDAwLCJkZWxldGUiOjE4MDAwMDAwMDAwMDAsInJlYWQiOjMwMDAwMDAwMDAwMCwidXBkYXRlIjoxODAwMDAwMDAwMDAwfX0=",
          "dependencies": [
            "module.rg.azurerm_resource_group.resource_group",
            "module.vnet.azurerm_virtual_network.virtual_network"
          ]
        },
        {
          "index_key": "subnet08",
          "schema_version": 0,
          "attributes": {
            "address_prefixes": [
              "10.8.2.0/24"
            ],
            "delegation": [],
            "enforce_private_link_endpoint_network_policies": false,
            "enforce_private_link_service_network_policies": false,
            "id": "/subscriptions/edbac59f-d349-4f5d-b125-fbd3411b038a/resourceGroups/roopesh_rg_secondary/providers/Microsoft.Network/virtualNetworks/HUB_wus_vnet/subnets/subnet02",
            "name": "subnet02",
            "private_endpoint_network_policies_enabled": true,
            "private_link_service_network_policies_enabled": true,
            "resource_group_name": "roopesh_rg_secondary",
            "service_endpoint_policy_ids": null,
            "service_endpoints": null,
            "timeouts": null,
            "virtual_network_name": "HUB_wus_vnet"
          },
          "sensitive_attributes": [],
          "private": "eyJlMmJmYjczMC1lY2FhLTExZTYtOGY4OC0zNDM2M2JjN2M0YzAiOnsiY3JlYXRlIjoxODAwMDAwMDAwMDAwLCJkZWxldGUiOjE4MDAwMDAwMDAwMDAsInJlYWQiOjMwMDAwMDAwMDAwMCwidXBkYXRlIjoxODAwMDAwMDAwMDAwfX0=",
          "dependencies": [
            "module.rg.azurerm_resource_group.resource_group",
            "module.vnet.azurerm_virtual_network.virtual_network"
          ]
        },
        {
          "index_key": "subnet09",
          "schema_version": 0,
          "attributes": {
            "address_prefixes": [
              "10.8.3.0/24"
            ],
            "delegation": [],
            "enforce_private_link_endpoint_network_policies": false,
            "enforce_private_link_service_network_policies": false,
            "id": "/subscriptions/edbac59f-d349-4f5d-b125-fbd3411b038a/resourceGroups/roopesh_rg_secondary/providers/Microsoft.Network/virtualNetworks/HUB_wus_vnet/subnets/subnet03",
            "name": "subnet03",
            "private_endpoint_network_policies_enabled": true,
            "private_link_service_network_policies_enabled": true,
            "resource_group_name": "roopesh_rg_secondary",
            "service_endpoint_policy_ids": null,
            "service_endpoints": null,
            "timeouts": null,
            "virtual_network_name": "HUB_wus_vnet"
          },
          "sensitive_attributes": [],
          "private": "eyJlMmJmYjczMC1lY2FhLTExZTYtOGY4OC0zNDM2M2JjN2M0YzAiOnsiY3JlYXRlIjoxODAwMDAwMDAwMDAwLCJkZWxldGUiOjE4MDAwMDAwMDAwMDAsInJlYWQiOjMwMDAwMDAwMDAwMCwidXBkYXRlIjoxODAwMDAwMDAwMDAwfX0=",
          "dependencies": [
            "module.rg.azurerm_resource_group.resource_group",
            "module.vnet.azurerm_virtual_network.virtual_network"
          ]
        },
        {
          "index_key": "subnet10",
          "schema_version": 0,
          "attributes": {
            "address_prefixes": [
              "10.9.1.0/24"
            ],
            "delegation": [],
            "enforce_private_link_endpoint_network_policies": false,
            "enforce_private_link_service_network_policies": false,
            "id": "/subscriptions/edbac59f-d349-4f5d-b125-fbd3411b038a/resourceGroups/roopesh_rg_secondary/providers/Microsoft.Network/virtualNetworks/SPOKE_wus_vnet/subnets/AD_subnet",
            "name": "AD_subnet",
            "private_endpoint_network_policies_enabled": true,
            "private_link_service_network_policies_enabled": true,
            "resource_group_name": "roopesh_rg_secondary",
            "service_endpoint_policy_ids": null,
            "service_endpoints": null,
            "timeouts": null,
            "virtual_network_name": "SPOKE_wus_vnet"
          },
          "sensitive_attributes": [],
          "private": "eyJlMmJmYjczMC1lY2FhLTExZTYtOGY4OC0zNDM2M2JjN2M0YzAiOnsiY3JlYXRlIjoxODAwMDAwMDAwMDAwLCJkZWxldGUiOjE4MDAwMDAwMDAwMDAsInJlYWQiOjMwMDAwMDAwMDAwMCwidXBkYXRlIjoxODAwMDAwMDAwMDAwfX0=",
          "dependencies": [
            "module.rg.azurerm_resource_group.resource_group",
            "module.vnet.azurerm_virtual_network.virtual_network"
          ]
        },
        {
          "index_key": "subnet11",
          "schema_version": 0,
          "attributes": {
            "address_prefixes": [
              "10.9.2.0/24"
            ],
            "delegation": [],
            "enforce_private_link_endpoint_network_policies": false,
            "enforce_private_link_service_network_policies": false,
            "id": "/subscriptions/edbac59f-d349-4f5d-b125-fbd3411b038a/resourceGroups/roopesh_rg_secondary/providers/Microsoft.Network/virtualNetworks/SPOKE_wus_vnet/subnets/WEB_subnet",
            "name": "WEB_subnet",
            "private_endpoint_network_policies_enabled": true,
            "private_link_service_network_policies_enabled": true,
            "resource_group_name": "roopesh_rg_secondary",
            "service_endpoint_policy_ids": null,
            "service_endpoints": null,
            "timeouts": null,
            "virtual_network_name": "SPOKE_wus_vnet"
          },
          "sensitive_attributes": [],
          "private": "eyJlMmJmYjczMC1lY2FhLTExZTYtOGY4OC0zNDM2M2JjN2M0YzAiOnsiY3JlYXRlIjoxODAwMDAwMDAwMDAwLCJkZWxldGUiOjE4MDAwMDAwMDAwMDAsInJlYWQiOjMwMDAwMDAwMDAwMCwidXBkYXRlIjoxODAwMDAwMDAwMDAwfX0=",
          "dependencies": [
            "module.rg.azurerm_resource_group.resource_group",
            "module.vnet.azurerm_virtual_network.virtual_network"
          ]
        },
        {
          "index_key": "subnet12",
          "schema_version": 0,
          "attributes": {
            "address_prefixes": [
              "10.9.3.0/24"
            ],
            "delegation": [],
            "enforce_private_link_endpoint_network_policies": false,
            "enforce_private_link_service_network_policies": false,
            "id": "/subscriptions/edbac59f-d349-4f5d-b125-fbd3411b038a/resourceGroups/roopesh_rg_secondary/providers/Microsoft.Network/virtualNetworks/SPOKE_wus_vnet/subnets/SQL_subnet",
            "name": "SQL_subnet",
            "private_endpoint_network_policies_enabled": true,
            "private_link_service_network_policies_enabled": true,
            "resource_group_name": "roopesh_rg_secondary",
            "service_endpoint_policy_ids": null,
            "service_endpoints": null,
            "timeouts": null,
            "virtual_network_name": "SPOKE_wus_vnet"
          },
          "sensitive_attributes": [],
          "private": "eyJlMmJmYjczMC1lY2FhLTExZTYtOGY4OC0zNDM2M2JjN2M0YzAiOnsiY3JlYXRlIjoxODAwMDAwMDAwMDAwLCJkZWxldGUiOjE4MDAwMDAwMDAwMDAsInJlYWQiOjMwMDAwMDAwMDAwMCwidXBkYXRlIjoxODAwMDAwMDAwMDAwfX0=",
          "dependencies": [
            "module.rg.azurerm_resource_group.resource_group",
            "module.vnet.azurerm_virtual_network.virtual_network"
          ]
        }
      ]
    },
    {
      "module": "module.vm",
      "mode": "data",
      "type": "azurerm_network_interface",
      "name": "network_interface",
      "provider": "provider[\"registry.terraform.io/hashicorp/azurerm\"]",
      "instances": [
        {
          "index_key": "vm01",
          "schema_version": 0,
          "attributes": {
            "applied_dns_servers": [],
            "dns_servers": [],
            "enable_accelerated_networking": false,
            "enable_ip_forwarding": false,
            "id": "/subscriptions/edbac59f-d349-4f5d-b125-fbd3411b038a/resourceGroups/roopesh_rg_primary/providers/Microsoft.Network/networkInterfaces/vm_nic01",
            "internal_dns_name_label": "",
            "ip_configuration": [
              {
                "application_gateway_backend_address_pools_ids": [],
                "application_security_group_ids": [],
                "gateway_load_balancer_frontend_ip_configuration_id": "",
                "load_balancer_backend_address_pools_ids": [],
                "load_balancer_inbound_nat_rules_ids": [],
                "name": "nic01_ip",
                "primary": true,
                "private_ip_address": "10.7.1.4",
                "private_ip_address_allocation": "Dynamic",
                "private_ip_address_version": "IPv4",
                "public_ip_address_id": "/subscriptions/edbac59f-d349-4f5d-b125-fbd3411b038a/resourceGroups/roopesh_rg_primary/providers/Microsoft.Network/publicIPAddresses/pip01",
                "subnet_id": "/subscriptions/edbac59f-d349-4f5d-b125-fbd3411b038a/resourceGroups/roopesh_rg_primary/providers/Microsoft.Network/virtualNetworks/SPOKE_eus_vnet/subnets/AD_subnet"
              }
            ],
            "location": "eastus",
            "mac_address": "",
            "name": "vm_nic01",
            "network_security_group_id": "",
            "private_ip_address": "10.7.1.4",
            "private_ip_addresses": [
              "10.7.1.4"
            ],
            "resource_group_name": "roopesh_rg_primary",
            "tags": {},
            "timeouts": null,
            "virtual_machine_id": ""
          },
          "sensitive_attributes": []
        },
        {
          "index_key": "vm02",
          "schema_version": 0,
          "attributes": {
            "applied_dns_servers": [],
            "dns_servers": [],
            "enable_accelerated_networking": false,
            "enable_ip_forwarding": false,
            "id": "/subscriptions/edbac59f-d349-4f5d-b125-fbd3411b038a/resourceGroups/roopesh_rg_primary/providers/Microsoft.Network/networkInterfaces/vm_nic02",
            "internal_dns_name_label": "",
            "ip_configuration": [
              {
                "application_gateway_backend_address_pools_ids": [],
                "application_security_group_ids": [],
                "gateway_load_balancer_frontend_ip_configuration_id": "",
                "load_balancer_backend_address_pools_ids": [],
                "load_balancer_inbound_nat_rules_ids": [],
                "name": "nic02_ip",
                "primary": true,
                "private_ip_address": "10.7.2.5",
                "private_ip_address_allocation": "Dynamic",
                "private_ip_address_version": "IPv4",
                "public_ip_address_id": "/subscriptions/edbac59f-d349-4f5d-b125-fbd3411b038a/resourceGroups/roopesh_rg_primary/providers/Microsoft.Network/publicIPAddresses/pip02",
                "subnet_id": "/subscriptions/edbac59f-d349-4f5d-b125-fbd3411b038a/resourceGroups/roopesh_rg_primary/providers/Microsoft.Network/virtualNetworks/SPOKE_eus_vnet/subnets/WEB_subnet"
              }
            ],
            "location": "eastus",
            "mac_address": "",
            "name": "vm_nic02",
            "network_security_group_id": "",
            "private_ip_address": "10.7.2.5",
            "private_ip_addresses": [
              "10.7.2.5"
            ],
            "resource_group_name": "roopesh_rg_primary",
            "tags": {},
            "timeouts": null,
            "virtual_machine_id": ""
          },
          "sensitive_attributes": []
        },
        {
          "index_key": "vm03",
          "schema_version": 0,
          "attributes": {
            "applied_dns_servers": [],
            "dns_servers": [],
            "enable_accelerated_networking": false,
            "enable_ip_forwarding": false,
            "id": "/subscriptions/edbac59f-d349-4f5d-b125-fbd3411b038a/resourceGroups/roopesh_rg_primary/providers/Microsoft.Network/networkInterfaces/vm_nic03",
            "internal_dns_name_label": "",
            "ip_configuration": [
              {
                "application_gateway_backend_address_pools_ids": [],
                "application_security_group_ids": [],
                "gateway_load_balancer_frontend_ip_configuration_id": "",
                "load_balancer_backend_address_pools_ids": [],
                "load_balancer_inbound_nat_rules_ids": [],
                "name": "nic03_ip",
                "primary": true,
                "private_ip_address": "10.7.2.4",
                "private_ip_address_allocation": "Dynamic",
                "private_ip_address_version": "IPv4",
                "public_ip_address_id": "/subscriptions/edbac59f-d349-4f5d-b125-fbd3411b038a/resourceGroups/roopesh_rg_primary/providers/Microsoft.Network/publicIPAddresses/pip03",
                "subnet_id": "/subscriptions/edbac59f-d349-4f5d-b125-fbd3411b038a/resourceGroups/roopesh_rg_primary/providers/Microsoft.Network/virtualNetworks/SPOKE_eus_vnet/subnets/WEB_subnet"
              }
            ],
            "location": "eastus",
            "mac_address": "",
            "name": "vm_nic03",
            "network_security_group_id": "",
            "private_ip_address": "10.7.2.4",
            "private_ip_addresses": [
              "10.7.2.4"
            ],
            "resource_group_name": "roopesh_rg_primary",
            "tags": {},
            "timeouts": null,
            "virtual_machine_id": ""
          },
          "sensitive_attributes": []
        },
        {
          "index_key": "vm04",
          "schema_version": 0,
          "attributes": {
            "applied_dns_servers": [],
            "dns_servers": [],
            "enable_accelerated_networking": false,
            "enable_ip_forwarding": false,
            "id": "/subscriptions/edbac59f-d349-4f5d-b125-fbd3411b038a/resourceGroups/roopesh_rg_primary/providers/Microsoft.Network/networkInterfaces/vm_nic04",
            "internal_dns_name_label": "",
            "ip_configuration": [
              {
                "application_gateway_backend_address_pools_ids": [],
                "application_security_group_ids": [],
                "gateway_load_balancer_frontend_ip_configuration_id": "",
                "load_balancer_backend_address_pools_ids": [],
                "load_balancer_inbound_nat_rules_ids": [],
                "name": "nic04_ip",
                "primary": true,
                "private_ip_address": "10.7.3.5",
                "private_ip_address_allocation": "Dynamic",
                "private_ip_address_version": "IPv4",
                "public_ip_address_id": "/subscriptions/edbac59f-d349-4f5d-b125-fbd3411b038a/resourceGroups/roopesh_rg_primary/providers/Microsoft.Network/publicIPAddresses/pip04",
                "subnet_id": "/subscriptions/edbac59f-d349-4f5d-b125-fbd3411b038a/resourceGroups/roopesh_rg_primary/providers/Microsoft.Network/virtualNetworks/SPOKE_eus_vnet/subnets/SQL_subnet"
              }
            ],
            "location": "eastus",
            "mac_address": "",
            "name": "vm_nic04",
            "network_security_group_id": "",
            "private_ip_address": "10.7.3.5",
            "private_ip_addresses": [
              "10.7.3.5"
            ],
            "resource_group_name": "roopesh_rg_primary",
            "tags": {},
            "timeouts": null,
            "virtual_machine_id": ""
          },
          "sensitive_attributes": []
        },
        {
          "index_key": "vm05",
          "schema_version": 0,
          "attributes": {
            "applied_dns_servers": [],
            "dns_servers": [],
            "enable_accelerated_networking": false,
            "enable_ip_forwarding": false,
            "id": "/subscriptions/edbac59f-d349-4f5d-b125-fbd3411b038a/resourceGroups/roopesh_rg_primary/providers/Microsoft.Network/networkInterfaces/vm_nic05",
            "internal_dns_name_label": "",
            "ip_configuration": [
              {
                "application_gateway_backend_address_pools_ids": [],
                "application_security_group_ids": [],
                "gateway_load_balancer_frontend_ip_configuration_id": "",
                "load_balancer_backend_address_pools_ids": [],
                "load_balancer_inbound_nat_rules_ids": [],
                "name": "nic05_ip",
                "primary": true,
                "private_ip_address": "10.7.3.4",
                "private_ip_address_allocation": "Dynamic",
                "private_ip_address_version": "IPv4",
                "public_ip_address_id": "/subscriptions/edbac59f-d349-4f5d-b125-fbd3411b038a/resourceGroups/roopesh_rg_primary/providers/Microsoft.Network/publicIPAddresses/pip05",
                "subnet_id": "/subscriptions/edbac59f-d349-4f5d-b125-fbd3411b038a/resourceGroups/roopesh_rg_primary/providers/Microsoft.Network/virtualNetworks/SPOKE_eus_vnet/subnets/SQL_subnet"
              }
            ],
            "location": "eastus",
            "mac_address": "",
            "name": "vm_nic05",
            "network_security_group_id": "",
            "private_ip_address": "10.7.3.4",
            "private_ip_addresses": [
              "10.7.3.4"
            ],
            "resource_group_name": "roopesh_rg_primary",
            "tags": {},
            "timeouts": null,
            "virtual_machine_id": ""
          },
          "sensitive_attributes": []
        }
      ]
    },
    {
      "module": "module.vm",
      "mode": "managed",
      "type": "azurerm_virtual_machine",
      "name": "virtual_machine",
      "provider": "provider[\"registry.terraform.io/hashicorp/azurerm\"]",
      "instances": [
        {
          "index_key": "vm01",
          "schema_version": 0,
          "attributes": {
            "additional_capabilities": [],
            "availability_set_id": null,
            "boot_diagnostics": [],
            "delete_data_disks_on_termination": false,
            "delete_os_disk_on_termination": false,
            "id": "/subscriptions/edbac59f-d349-4f5d-b125-fbd3411b038a/resourceGroups/roopesh_rg_primary/providers/Microsoft.Compute/virtualMachines/AD_VM",
            "identity": [],
            "license_type": null,
            "location": "eastus",
            "name": "AD_VM",
            "network_interface_ids": [
              "/subscriptions/edbac59f-d349-4f5d-b125-fbd3411b038a/resourceGroups/roopesh_rg_primary/providers/Microsoft.Network/networkInterfaces/vm_nic01"
            ],
            "os_profile": [
              {
                "admin_password": "",
                "admin_username": "Roopesh",
                "computer_name": "vmone",
                "custom_data": ""
              }
            ],
            "os_profile_linux_config": [],
            "os_profile_secrets": [],
            "os_profile_windows_config": [
              {
                "additional_unattend_config": [],
                "enable_automatic_upgrades": false,
                "provision_vm_agent": true,
                "timezone": "",
                "winrm": []
              }
            ],
            "plan": [],
            "primary_network_interface_id": null,
            "proximity_placement_group_id": null,
            "resource_group_name": "roopesh_rg_primary",
            "storage_data_disk": [],
            "storage_image_reference": [
              {
                "id": "",
                "offer": "WindowsServer",
                "publisher": "MicrosoftWindowsServer",
                "sku": "2019-Datacenter",
                "version": "latest"
              }
            ],
            "storage_os_disk": [
              {
                "caching": "ReadWrite",
                "create_option": "FromImage",
                "disk_size_gb": 127,
                "image_uri": "",
                "managed_disk_id": "/subscriptions/edbac59f-d349-4f5d-b125-fbd3411b038a/resourceGroups/roopesh_rg_primary/providers/Microsoft.Compute/disks/myosdisk1",
                "managed_disk_type": "Standard_LRS",
                "name": "myosdisk1",
                "os_type": "Windows",
                "vhd_uri": "",
                "write_accelerator_enabled": false
              }
            ],
            "tags": null,
            "timeouts": null,
            "vm_size": "Standard_E2s_v3",
            "zones": null
          },
          "sensitive_attributes": [],
          "private": "eyJlMmJmYjczMC1lY2FhLTExZTYtOGY4OC0zNDM2M2JjN2M0YzAiOnsiY3JlYXRlIjozNjAwMDAwMDAwMDAwLCJkZWxldGUiOjM2MDAwMDAwMDAwMDAsInJlYWQiOjMwMDAwMDAwMDAwMCwidXBkYXRlIjozNjAwMDAwMDAwMDAwfX0=",
          "dependencies": [
            "module.nic01.azurerm_network_interface.network_interface",
            "module.nic01.data.azurerm_public_ip.public_ip",
            "module.nic01.data.azurerm_subnet.subnet",
            "module.public_ip.azurerm_public_ip.public_ip",
            "module.rg.azurerm_resource_group.resource_group",
            "module.subnet.azurerm_subnet.subnet",
            "module.vm.data.azurerm_network_interface.network_interface",
            "module.vnet.azurerm_virtual_network.virtual_network"
          ]
        },
        {
          "index_key": "vm02",
          "schema_version": 0,
          "attributes": {
            "additional_capabilities": [],
            "availability_set_id": null,
            "boot_diagnostics": [],
            "delete_data_disks_on_termination": false,
            "delete_os_disk_on_termination": false,
            "id": "/subscriptions/edbac59f-d349-4f5d-b125-fbd3411b038a/resourceGroups/roopesh_rg_primary/providers/Microsoft.Compute/virtualMachines/WEB01_vm",
            "identity": [],
            "license_type": null,
            "location": "eastus",
            "name": "WEB01_vm",
            "network_interface_ids": [
              "/subscriptions/edbac59f-d349-4f5d-b125-fbd3411b038a/resourceGroups/roopesh_rg_primary/providers/Microsoft.Network/networkInterfaces/vm_nic02"
            ],
            "os_profile": [
              {
                "admin_password": "",
                "admin_username": "Roopesh",
                "computer_name": "vmtwo",
                "custom_data": ""
              }
            ],
            "os_profile_linux_config": [],
            "os_profile_secrets": [],
            "os_profile_windows_config": [
              {
                "additional_unattend_config": [],
                "enable_automatic_upgrades": false,
                "provision_vm_agent": true,
                "timezone": "",
                "winrm": []
              }
            ],
            "plan": [],
            "primary_network_interface_id": null,
            "proximity_placement_group_id": null,
            "resource_group_name": "roopesh_rg_primary",
            "storage_data_disk": [],
            "storage_image_reference": [
              {
                "id": "",
                "offer": "WindowsServer",
                "publisher": "MicrosoftWindowsServer",
                "sku": "2019-Datacenter",
                "version": "latest"
              }
            ],
            "storage_os_disk": [
              {
                "caching": "ReadWrite",
                "create_option": "FromImage",
                "disk_size_gb": 127,
                "image_uri": "",
                "managed_disk_id": "/subscriptions/edbac59f-d349-4f5d-b125-fbd3411b038a/resourceGroups/roopesh_rg_primary/providers/Microsoft.Compute/disks/myosdisk2",
                "managed_disk_type": "Standard_LRS",
                "name": "myosdisk2",
                "os_type": "Windows",
                "vhd_uri": "",
                "write_accelerator_enabled": false
              }
            ],
            "tags": null,
            "timeouts": null,
            "vm_size": "Standard_E2s_v3",
            "zones": null
          },
          "sensitive_attributes": [],
          "private": "eyJlMmJmYjczMC1lY2FhLTExZTYtOGY4OC0zNDM2M2JjN2M0YzAiOnsiY3JlYXRlIjozNjAwMDAwMDAwMDAwLCJkZWxldGUiOjM2MDAwMDAwMDAwMDAsInJlYWQiOjMwMDAwMDAwMDAwMCwidXBkYXRlIjozNjAwMDAwMDAwMDAwfX0=",
          "dependencies": [
            "module.nic01.azurerm_network_interface.network_interface",
            "module.nic01.data.azurerm_public_ip.public_ip",
            "module.nic01.data.azurerm_subnet.subnet",
            "module.public_ip.azurerm_public_ip.public_ip",
            "module.rg.azurerm_resource_group.resource_group",
            "module.subnet.azurerm_subnet.subnet",
            "module.vm.data.azurerm_network_interface.network_interface",
            "module.vnet.azurerm_virtual_network.virtual_network"
          ]
        },
        {
          "index_key": "vm03",
          "schema_version": 0,
          "attributes": {
            "additional_capabilities": [],
            "availability_set_id": null,
            "boot_diagnostics": [],
            "delete_data_disks_on_termination": false,
            "delete_os_disk_on_termination": false,
            "id": "/subscriptions/edbac59f-d349-4f5d-b125-fbd3411b038a/resourceGroups/roopesh_rg_primary/providers/Microsoft.Compute/virtualMachines/WEB02_vm",
            "identity": [],
            "license_type": null,
            "location": "eastus",
            "name": "WEB02_vm",
            "network_interface_ids": [
              "/subscriptions/edbac59f-d349-4f5d-b125-fbd3411b038a/resourceGroups/roopesh_rg_primary/providers/Microsoft.Network/networkInterfaces/vm_nic03"
            ],
            "os_profile": [
              {
                "admin_password": "",
                "admin_username": "Roopesh",
                "computer_name": "vmthree",
                "custom_data": ""
              }
            ],
            "os_profile_linux_config": [],
            "os_profile_secrets": [],
            "os_profile_windows_config": [
              {
                "additional_unattend_config": [],
                "enable_automatic_upgrades": false,
                "provision_vm_agent": true,
                "timezone": "",
                "winrm": []
              }
            ],
            "plan": [],
            "primary_network_interface_id": null,
            "proximity_placement_group_id": null,
            "resource_group_name": "roopesh_rg_primary",
            "storage_data_disk": [],
            "storage_image_reference": [
              {
                "id": "",
                "offer": "WindowsServer",
                "publisher": "MicrosoftWindowsServer",
                "sku": "2019-Datacenter",
                "version": "latest"
              }
            ],
            "storage_os_disk": [
              {
                "caching": "ReadWrite",
                "create_option": "FromImage",
                "disk_size_gb": 127,
                "image_uri": "",
                "managed_disk_id": "/subscriptions/edbac59f-d349-4f5d-b125-fbd3411b038a/resourceGroups/roopesh_rg_primary/providers/Microsoft.Compute/disks/myosdisk3",
                "managed_disk_type": "Standard_LRS",
                "name": "myosdisk3",
                "os_type": "Windows",
                "vhd_uri": "",
                "write_accelerator_enabled": false
              }
            ],
            "tags": null,
            "timeouts": null,
            "vm_size": "Standard_E2s_v3",
            "zones": null
          },
          "sensitive_attributes": [],
          "private": "eyJlMmJmYjczMC1lY2FhLTExZTYtOGY4OC0zNDM2M2JjN2M0YzAiOnsiY3JlYXRlIjozNjAwMDAwMDAwMDAwLCJkZWxldGUiOjM2MDAwMDAwMDAwMDAsInJlYWQiOjMwMDAwMDAwMDAwMCwidXBkYXRlIjozNjAwMDAwMDAwMDAwfX0=",
          "dependencies": [
            "module.nic01.azurerm_network_interface.network_interface",
            "module.nic01.data.azurerm_public_ip.public_ip",
            "module.nic01.data.azurerm_subnet.subnet",
            "module.public_ip.azurerm_public_ip.public_ip",
            "module.rg.azurerm_resource_group.resource_group",
            "module.subnet.azurerm_subnet.subnet",
            "module.vm.data.azurerm_network_interface.network_interface",
            "module.vnet.azurerm_virtual_network.virtual_network"
          ]
        },
        {
          "index_key": "vm04",
          "schema_version": 0,
          "attributes": {
            "additional_capabilities": [],
            "availability_set_id": null,
            "boot_diagnostics": [],
            "delete_data_disks_on_termination": false,
            "delete_os_disk_on_termination": false,
            "id": "/subscriptions/edbac59f-d349-4f5d-b125-fbd3411b038a/resourceGroups/roopesh_rg_primary/providers/Microsoft.Compute/virtualMachines/SQL_VM_01",
            "identity": [],
            "license_type": null,
            "location": "eastus",
            "name": "SQL_VM_01",
            "network_interface_ids": [
              "/subscriptions/edbac59f-d349-4f5d-b125-fbd3411b038a/resourceGroups/roopesh_rg_primary/providers/Microsoft.Network/networkInterfaces/vm_nic04"
            ],
            "os_profile": [
              {
                "admin_password": "",
                "admin_username": "Roopesh",
                "computer_name": "vmfour",
                "custom_data": ""
              }
            ],
            "os_profile_linux_config": [],
            "os_profile_secrets": [],
            "os_profile_windows_config": [
              {
                "additional_unattend_config": [],
                "enable_automatic_upgrades": false,
                "provision_vm_agent": true,
                "timezone": "",
                "winrm": []
              }
            ],
            "plan": [],
            "primary_network_interface_id": null,
            "proximity_placement_group_id": null,
            "resource_group_name": "roopesh_rg_primary",
            "storage_data_disk": [],
            "storage_image_reference": [
              {
                "id": "",
                "offer": "SQL2017-WS2019",
                "publisher": "MicrosoftSQLServer",
                "sku": "SQLDEV",
                "version": "latest"
              }
            ],
            "storage_os_disk": [
              {
                "caching": "ReadWrite",
                "create_option": "FromImage",
                "disk_size_gb": 127,
                "image_uri": "",
                "managed_disk_id": "/subscriptions/edbac59f-d349-4f5d-b125-fbd3411b038a/resourceGroups/roopesh_rg_primary/providers/Microsoft.Compute/disks/myosdisk4",
                "managed_disk_type": "Standard_LRS",
                "name": "myosdisk4",
                "os_type": "Windows",
                "vhd_uri": "",
                "write_accelerator_enabled": false
              }
            ],
            "tags": null,
            "timeouts": null,
            "vm_size": "Standard_E2s_v3",
            "zones": null
          },
          "sensitive_attributes": [],
          "private": "eyJlMmJmYjczMC1lY2FhLTExZTYtOGY4OC0zNDM2M2JjN2M0YzAiOnsiY3JlYXRlIjozNjAwMDAwMDAwMDAwLCJkZWxldGUiOjM2MDAwMDAwMDAwMDAsInJlYWQiOjMwMDAwMDAwMDAwMCwidXBkYXRlIjozNjAwMDAwMDAwMDAwfX0=",
          "dependencies": [
            "module.nic01.azurerm_network_interface.network_interface",
            "module.nic01.data.azurerm_public_ip.public_ip",
            "module.nic01.data.azurerm_subnet.subnet",
            "module.public_ip.azurerm_public_ip.public_ip",
            "module.rg.azurerm_resource_group.resource_group",
            "module.subnet.azurerm_subnet.subnet",
            "module.vm.data.azurerm_network_interface.network_interface",
            "module.vnet.azurerm_virtual_network.virtual_network"
          ]
        },
        {
          "index_key": "vm05",
          "schema_version": 0,
          "attributes": {
            "additional_capabilities": [],
            "availability_set_id": null,
            "boot_diagnostics": [],
            "delete_data_disks_on_termination": false,
            "delete_os_disk_on_termination": false,
            "id": "/subscriptions/edbac59f-d349-4f5d-b125-fbd3411b038a/resourceGroups/roopesh_rg_primary/providers/Microsoft.Compute/virtualMachines/SQL_VM_02",
            "identity": [],
            "license_type": null,
            "location": "eastus",
            "name": "SQL_VM_02",
            "network_interface_ids": [
              "/subscriptions/edbac59f-d349-4f5d-b125-fbd3411b038a/resourceGroups/roopesh_rg_primary/providers/Microsoft.Network/networkInterfaces/vm_nic05"
            ],
            "os_profile": [
              {
                "admin_password": "",
                "admin_username": "Roopesh",
                "computer_name": "vmfive",
                "custom_data": ""
              }
            ],
            "os_profile_linux_config": [],
            "os_profile_secrets": [],
            "os_profile_windows_config": [
              {
                "additional_unattend_config": [],
                "enable_automatic_upgrades": false,
                "provision_vm_agent": true,
                "timezone": "",
                "winrm": []
              }
            ],
            "plan": [],
            "primary_network_interface_id": null,
            "proximity_placement_group_id": null,
            "resource_group_name": "roopesh_rg_primary",
            "storage_data_disk": [],
            "storage_image_reference": [
              {
                "id": "",
                "offer": "SQL2017-WS2019",
                "publisher": "MicrosoftSQLServer",
                "sku": "SQLDEV",
                "version": "latest"
              }
            ],
            "storage_os_disk": [
              {
                "caching": "ReadWrite",
                "create_option": "FromImage",
                "disk_size_gb": 127,
                "image_uri": "",
                "managed_disk_id": "/subscriptions/edbac59f-d349-4f5d-b125-fbd3411b038a/resourceGroups/roopesh_rg_primary/providers/Microsoft.Compute/disks/myosdisk5",
                "managed_disk_type": "Standard_LRS",
                "name": "myosdisk5",
                "os_type": "Windows",
                "vhd_uri": "",
                "write_accelerator_enabled": false
              }
            ],
            "tags": null,
            "timeouts": null,
            "vm_size": "Standard_E2s_v3",
            "zones": null
          },
          "sensitive_attributes": [],
          "private": "eyJlMmJmYjczMC1lY2FhLTExZTYtOGY4OC0zNDM2M2JjN2M0YzAiOnsiY3JlYXRlIjozNjAwMDAwMDAwMDAwLCJkZWxldGUiOjM2MDAwMDAwMDAwMDAsInJlYWQiOjMwMDAwMDAwMDAwMCwidXBkYXRlIjozNjAwMDAwMDAwMDAwfX0=",
          "dependencies": [
            "module.nic01.azurerm_network_interface.network_interface",
            "module.nic01.data.azurerm_public_ip.public_ip",
            "module.nic01.data.azurerm_subnet.subnet",
            "module.public_ip.azurerm_public_ip.public_ip",
            "module.rg.azurerm_resource_group.resource_group",
            "module.subnet.azurerm_subnet.subnet",
            "module.vm.data.azurerm_network_interface.network_interface",
            "module.vnet.azurerm_virtual_network.virtual_network"
          ]
        }
      ]
    },
    {
      "module": "module.vnet",
      "mode": "managed",
      "type": "azurerm_virtual_network",
      "name": "virtual_network",
      "provider": "provider[\"registry.terraform.io/hashicorp/azurerm\"]",
      "instances": [
        {
          "index_key": "my-vnet01",
          "schema_version": 0,
          "attributes": {
            "address_space": [
              "10.6.0.0/16"
            ],
            "bgp_community": "",
            "ddos_protection_plan": [],
            "dns_servers": [],
            "edge_zone": "",
            "flow_timeout_in_minutes": 0,
            "guid": "490361bb-7701-42c7-87db-4b0899302c87",
            "id": "/subscriptions/edbac59f-d349-4f5d-b125-fbd3411b038a/resourceGroups/roopesh_rg_primary/providers/Microsoft.Network/virtualNetworks/HUB_eus_vnet",
            "location": "eastus",
            "name": "HUB_eus_vnet",
            "resource_group_name": "roopesh_rg_primary",
            "subnet": [],
            "tags": null,
            "timeouts": null
          },
          "sensitive_attributes": [],
          "private": "eyJlMmJmYjczMC1lY2FhLTExZTYtOGY4OC0zNDM2M2JjN2M0YzAiOnsiY3JlYXRlIjoxODAwMDAwMDAwMDAwLCJkZWxldGUiOjE4MDAwMDAwMDAwMDAsInJlYWQiOjMwMDAwMDAwMDAwMCwidXBkYXRlIjoxODAwMDAwMDAwMDAwfX0=",
          "dependencies": [
            "module.rg.azurerm_resource_group.resource_group"
          ]
        },
        {
          "index_key": "my-vnet02",
          "schema_version": 0,
          "attributes": {
            "address_space": [
              "10.7.0.0/16"
            ],
            "bgp_community": "",
            "ddos_protection_plan": [],
            "dns_servers": [],
            "edge_zone": "",
            "flow_timeout_in_minutes": 0,
            "guid": "a50a91dd-428f-43bd-97c1-122ebff038dd",
            "id": "/subscriptions/edbac59f-d349-4f5d-b125-fbd3411b038a/resourceGroups/roopesh_rg_primary/providers/Microsoft.Network/virtualNetworks/SPOKE_eus_vnet",
            "location": "eastus",
            "name": "SPOKE_eus_vnet",
            "resource_group_name": "roopesh_rg_primary",
            "subnet": [],
            "tags": null,
            "timeouts": null
          },
          "sensitive_attributes": [],
          "private": "eyJlMmJmYjczMC1lY2FhLTExZTYtOGY4OC0zNDM2M2JjN2M0YzAiOnsiY3JlYXRlIjoxODAwMDAwMDAwMDAwLCJkZWxldGUiOjE4MDAwMDAwMDAwMDAsInJlYWQiOjMwMDAwMDAwMDAwMCwidXBkYXRlIjoxODAwMDAwMDAwMDAwfX0=",
          "dependencies": [
            "module.rg.azurerm_resource_group.resource_group"
          ]
        },
        {
          "index_key": "my-vnet03",
          "schema_version": 0,
          "attributes": {
            "address_space": [
              "10.8.0.0/16"
            ],
            "bgp_community": "",
            "ddos_protection_plan": [],
            "dns_servers": [],
            "edge_zone": "",
            "flow_timeout_in_minutes": 0,
            "guid": "e7c2e298-a9b0-43da-8541-c700f1e12edb",
            "id": "/subscriptions/edbac59f-d349-4f5d-b125-fbd3411b038a/resourceGroups/roopesh_rg_secondary/providers/Microsoft.Network/virtualNetworks/HUB_wus_vnet",
            "location": "westus",
            "name": "HUB_wus_vnet",
            "resource_group_name": "roopesh_rg_secondary",
            "subnet": [],
            "tags": null,
            "timeouts": null
          },
          "sensitive_attributes": [],
          "private": "eyJlMmJmYjczMC1lY2FhLTExZTYtOGY4OC0zNDM2M2JjN2M0YzAiOnsiY3JlYXRlIjoxODAwMDAwMDAwMDAwLCJkZWxldGUiOjE4MDAwMDAwMDAwMDAsInJlYWQiOjMwMDAwMDAwMDAwMCwidXBkYXRlIjoxODAwMDAwMDAwMDAwfX0=",
          "dependencies": [
            "module.rg.azurerm_resource_group.resource_group"
          ]
        },
        {
          "index_key": "my-vnet04",
          "schema_version": 0,
          "attributes": {
            "address_space": [
              "10.9.0.0/16"
            ],
            "bgp_community": "",
            "ddos_protection_plan": [],
            "dns_servers": [],
            "edge_zone": "",
            "flow_timeout_in_minutes": 0,
            "guid": "ee106dcd-b05a-473a-b0f8-27452641794e",
            "id": "/subscriptions/edbac59f-d349-4f5d-b125-fbd3411b038a/resourceGroups/roopesh_rg_secondary/providers/Microsoft.Network/virtualNetworks/SPOKE_wus_vnet",
            "location": "westus",
            "name": "SPOKE_wus_vnet",
            "resource_group_name": "roopesh_rg_secondary",
            "subnet": [],
            "tags": null,
            "timeouts": null
          },
          "sensitive_attributes": [],
          "private": "eyJlMmJmYjczMC1lY2FhLTExZTYtOGY4OC0zNDM2M2JjN2M0YzAiOnsiY3JlYXRlIjoxODAwMDAwMDAwMDAwLCJkZWxldGUiOjE4MDAwMDAwMDAwMDAsInJlYWQiOjMwMDAwMDAwMDAwMCwidXBkYXRlIjoxODAwMDAwMDAwMDAwfX0=",
          "dependencies": [
            "module.rg.azurerm_resource_group.resource_group"
          ]
        }
      ]
    }
  ],
  "check_results": null
}
